PODS:
  - Charts (3.0.1):
    - Charts/Core (= 3.0.1)
  - Charts/Core (3.0.1)
  - Crashlytics (3.8.4):
    - Fabric (~> 1.6.3)
  - EAIntroView (2.10.0):
    - EARestrictedScrollView (~> 1.1.0)
  - EARestrictedScrollView (1.1.0)
  - Fabric (1.6.11)
  - MagicalRecord (2.3.2):
    - MagicalRecord/Core (= 2.3.2)
  - MagicalRecord/Core (2.3.2)
  - Nimble (6.0.1)
  - Quick (1.1.0)
  - RxSwift (3.3.1)
  - SwiftLint (0.21.0)
  - Swinject (2.0.0)
  - SwinjectStoryboard (1.0.0):
    - Swinject (= 2.0.0)
  - UIImageView-Letters (1.1.4)

DEPENDENCIES:
  - Charts
  - Crashlytics (~> 3.8)
  - EAIntroView (~> 2.10.0)
  - Fabric
  - MagicalRecord
  - Nimble
  - Quick
  - RxSwift
  - SwiftLint
  - Swinject (= 2.0.0)
  - SwinjectStoryboard (= 1.0.0)
  - UIImageView-Letters

SPEC CHECKSUMS:
  Charts: 0e84f4418e87dad6a9edde221fba37ebb51d3ba7
  Crashlytics: 79e236942ca1e7fc641df1feb9a275360a78ab6a
  EAIntroView: 3494b7bbd1212e3a4f7e8d16194a1b00e7b9abb2
  EARestrictedScrollView: b0c2a3f92fb2610bb44d71c5e4893777c89e45ef
  Fabric: 5911403591946b8228ab1c51d98f1d7137e863c6
  MagicalRecord: 53bed74b4323b930992a725be713e53b37d19755
  Nimble: 1527fd1bd2b4cf0636251a36bc8ab37e81da8347
  Quick: dafc587e21eed9f4cab3249b9f9015b0b7a7f71d
  RxSwift: 8fc9f2de6275a9101d518444e00bf32f1a42caac
  SwiftLint: 6de8b2d15f43c482bdec2953b8cfd696faa876e8
  Swinject: 2e964a80d70ab09b3949c99032711f89147bfd60
  SwinjectStoryboard: 8e0d3c0202b64172bdf915d55e8dc83d9c4e7863
  UIImageView-Letters: f62db28076797adf3560ab7410647dc6899b9eef

PODFILE CHECKSUM: eee624493fccda824208de53c626630d2c5a1c5e

COCOAPODS: 1.3.1
