// !$*UTF8*$!
{
	archiveVersion = 1;
	classes = {
	};
	objectVersion = 46;
	objects = {

/* Begin PBXBuildFile section */
		7AC27E8E985D8EB9173E1A46 /* Pods_MunchkinLevelCounter.framework in Frameworks */ = {isa = PBXBuildFile; fileRef = 46399C6A6BB7CEB218A85294 /* Pods_MunchkinLevelCounter.framework */; };
		80E1B09664D5B7664BD2778F /* Pods_MunchkinLevelCounterTests.framework in Frameworks */ = {isa = PBXBuildFile; fileRef = A2F903EC40DD9BDDCCA1E5B9 /* Pods_MunchkinLevelCounterTests.framework */; };
		A127FA801E4DC65E002733AA /* OnboardingViewController.swift in Sources */ = {isa = PBXBuildFile; fileRef = A127FA7F1E4DC65E002733AA /* OnboardingViewController.swift */; };
		A127FA821E4DC66A002733AA /* OnboardingPresenter.swift in Sources */ = {isa = PBXBuildFile; fileRef = A127FA811E4DC66A002733AA /* OnboardingPresenter.swift */; };
		A127FA841E4DC67C002733AA /* OnboardingView.swift in Sources */ = {isa = PBXBuildFile; fileRef = A127FA831E4DC67C002733AA /* OnboardingView.swift */; };
		A127FA861E4E0FC1002733AA /* DashboardViewController.swift in Sources */ = {isa = PBXBuildFile; fileRef = A127FA851E4E0FC1002733AA /* DashboardViewController.swift */; };
		A127FA881E4E0FDE002733AA /* DashboardPresenter.swift in Sources */ = {isa = PBXBuildFile; fileRef = A127FA871E4E0FDE002733AA /* DashboardPresenter.swift */; };
		A127FA8A1E4E0FE6002733AA /* DashboardView.swift in Sources */ = {isa = PBXBuildFile; fileRef = A127FA891E4E0FE6002733AA /* DashboardView.swift */; };
		A12D01B01E54868B009BCD9E /* PlayersEditorTableViewCell.swift in Sources */ = {isa = PBXBuildFile; fileRef = A12D01AF1E54868B009BCD9E /* PlayersEditorTableViewCell.swift */; };
		A16725FC1E5F24FB006CF6E8 /* fabric.apikey in Resources */ = {isa = PBXBuildFile; fileRef = A16725FB1E5F24FB006CF6E8 /* fabric.apikey */; };
		A16725FE1E5F2508006CF6E8 /* fabric.buildsecret in Resources */ = {isa = PBXBuildFile; fileRef = A16725FD1E5F2508006CF6E8 /* fabric.buildsecret */; };
		A170F6001E5097FA006149D3 /* Player.swift in Sources */ = {isa = PBXBuildFile; fileRef = A170F5FF1E5097FA006149D3 /* Player.swift */; };
		A17750101E4CB432004B910E /* PlayersEditorViewController.swift in Sources */ = {isa = PBXBuildFile; fileRef = A177500F1E4CB432004B910E /* PlayersEditorViewController.swift */; };
		A17750121E4CB446004B910E /* PlayersEditorPresenter.swift in Sources */ = {isa = PBXBuildFile; fileRef = A17750111E4CB446004B910E /* PlayersEditorPresenter.swift */; };
		A17750151E4CB4CF004B910E /* Presenter.swift in Sources */ = {isa = PBXBuildFile; fileRef = A17750141E4CB4CF004B910E /* Presenter.swift */; };
		A17750171E4CB51E004B910E /* BaseView.swift in Sources */ = {isa = PBXBuildFile; fileRef = A17750161E4CB51E004B910E /* BaseView.swift */; };
		A17750191E4CB576004B910E /* PlayersEditorView.swift in Sources */ = {isa = PBXBuildFile; fileRef = A17750181E4CB576004B910E /* PlayersEditorView.swift */; };
		A17E208E1E6074CB00EA04CB /* MunchkinLevelCounterTests.swift in Sources */ = {isa = PBXBuildFile; fileRef = A17E208D1E6074CB00EA04CB /* MunchkinLevelCounterTests.swift */; };
		A193D5BF1E645F1B00FD42FD /* Extensions.swift in Sources */ = {isa = PBXBuildFile; fileRef = A193D5BE1E645F1B00FD42FD /* Extensions.swift */; };
		A199C94E1E67B5610051BCCC /* BaseViewController.swift in Sources */ = {isa = PBXBuildFile; fileRef = A199C94D1E67B5610051BCCC /* BaseViewController.swift */; };
		A19A768C1E6CEB65005C691A /* Localizable.strings in Resources */ = {isa = PBXBuildFile; fileRef = A19A768E1E6CEB65005C691A /* Localizable.strings */; };
		A19A76941E6CF078005C691A /* munchkin.ttf in Resources */ = {isa = PBXBuildFile; fileRef = A19A76921E6CF061005C691A /* munchkin.ttf */; };
		A1BD807F1E5C9B090010038F /* ChartsViewController.swift in Sources */ = {isa = PBXBuildFile; fileRef = A1BD807E1E5C9B090010038F /* ChartsViewController.swift */; };
		A1BD80811E5C9B1B0010038F /* ChartsPresenter.swift in Sources */ = {isa = PBXBuildFile; fileRef = A1BD80801E5C9B1B0010038F /* ChartsPresenter.swift */; };
		A1BD80831E5C9B250010038F /* ChartsView.swift in Sources */ = {isa = PBXBuildFile; fileRef = A1BD80821E5C9B250010038F /* ChartsView.swift */; };
		A1E0606F1E55D6A3006D2891 /* DashboardTableViewCell.swift in Sources */ = {isa = PBXBuildFile; fileRef = A1E0606E1E55D6A3006D2891 /* DashboardTableViewCell.swift */; };
		A1E060741E55DD50006D2891 /* GameResultViewController.swift in Sources */ = {isa = PBXBuildFile; fileRef = A1E060731E55DD50006D2891 /* GameResultViewController.swift */; };
		A1E060761E55DD62006D2891 /* GameResultView.swift in Sources */ = {isa = PBXBuildFile; fileRef = A1E060751E55DD62006D2891 /* GameResultView.swift */; };
		A1E060781E55DDC7006D2891 /* GameResultPresenter.swift in Sources */ = {isa = PBXBuildFile; fileRef = A1E060771E55DDC7006D2891 /* GameResultPresenter.swift */; };
		A1E0607A1E55E67B006D2891 /* GameStep.swift in Sources */ = {isa = PBXBuildFile; fileRef = A1E060791E55E67B006D2891 /* GameStep.swift */; };
		A1E0607D1E55EDF1006D2891 /* PlayerViewController.swift in Sources */ = {isa = PBXBuildFile; fileRef = A1E0607C1E55EDF1006D2891 /* PlayerViewController.swift */; };
		A1E0607F1E55EDFD006D2891 /* PlayerPresenter.swift in Sources */ = {isa = PBXBuildFile; fileRef = A1E0607E1E55EDFD006D2891 /* PlayerPresenter.swift */; };
		A1E060811E55EE07006D2891 /* PlayerView.swift in Sources */ = {isa = PBXBuildFile; fileRef = A1E060801E55EE07006D2891 /* PlayerView.swift */; };
		A1EFDB8B1E53419600FEBD76 /* Db.swift in Sources */ = {isa = PBXBuildFile; fileRef = A1EFDB8A1E53419600FEBD76 /* Db.swift */; };
		A1F8F74D1E4CA6B200B57DEB /* AppDelegate.swift in Sources */ = {isa = PBXBuildFile; fileRef = A1F8F74C1E4CA6B200B57DEB /* AppDelegate.swift */; };
		A1F8F7521E4CA6B200B57DEB /* Main.storyboard in Resources */ = {isa = PBXBuildFile; fileRef = A1F8F7501E4CA6B200B57DEB /* Main.storyboard */; };
		A1F8F7551E4CA6B200B57DEB /* Munchkin_Level_Counter.xcdatamodeld in Sources */ = {isa = PBXBuildFile; fileRef = A1F8F7531E4CA6B200B57DEB /* Munchkin_Level_Counter.xcdatamodeld */; };
		A1F8F7571E4CA6B200B57DEB /* Assets.xcassets in Resources */ = {isa = PBXBuildFile; fileRef = A1F8F7561E4CA6B200B57DEB /* Assets.xcassets */; };
		A1F8F75A1E4CA6B200B57DEB /* LaunchScreen.storyboard in Resources */ = {isa = PBXBuildFile; fileRef = A1F8F7581E4CA6B200B57DEB /* LaunchScreen.storyboard */; };
		A1F8F7781E4CA89300B57DEB /* DataManager.swift in Sources */ = {isa = PBXBuildFile; fileRef = A1F8F7771E4CA89300B57DEB /* DataManager.swift */; };
		A1F8F77A1E4CA8C400B57DEB /* DatabaseHelper.swift in Sources */ = {isa = PBXBuildFile; fileRef = A1F8F7791E4CA8C400B57DEB /* DatabaseHelper.swift */; };
		A1F8F77C1E4CAB8B00B57DEB /* PreferencesHelper.swift in Sources */ = {isa = PBXBuildFile; fileRef = A1F8F77B1E4CAB8B00B57DEB /* PreferencesHelper.swift */; };
		A1FE902E1E65AABD0072315A /* ChartsTableViewCell.swift in Sources */ = {isa = PBXBuildFile; fileRef = A1FE902D1E65AABD0072315A /* ChartsTableViewCell.swift */; };
		A1FE90641E66E69E0072315A /* Appearance.swift in Sources */ = {isa = PBXBuildFile; fileRef = A1FE90631E66E69E0072315A /* Appearance.swift */; };
		A1FE90681E67959A0072315A /* Colors.swift in Sources */ = {isa = PBXBuildFile; fileRef = A1FE90671E67959A0072315A /* Colors.swift */; };
/* End PBXBuildFile section */

/* Begin PBXContainerItemProxy section */
		A17E20901E6074CB00EA04CB /* PBXContainerItemProxy */ = {
			isa = PBXContainerItemProxy;
			containerPortal = A1F8F7411E4CA6B200B57DEB /* Project object */;
			proxyType = 1;
			remoteGlobalIDString = A1F8F7481E4CA6B200B57DEB;
			remoteInfo = MunchkinLevelCounter;
		};
/* End PBXContainerItemProxy section */

/* Begin PBXFileReference section */
		15EAA78869A77B67CCD9A5A9 /* Pods-MunchkinLevelCounter.app store.xcconfig */ = {isa = PBXFileReference; includeInIndex = 1; lastKnownFileType = text.xcconfig; name = "Pods-MunchkinLevelCounter.app store.xcconfig"; path = "Pods/Target Support Files/Pods-MunchkinLevelCounter/Pods-MunchkinLevelCounter.app store.xcconfig"; sourceTree = "<group>"; };
		407977610C8921B6EB54369F /* Pods-MunchkinLevelCounter.ad hoc.xcconfig */ = {isa = PBXFileReference; includeInIndex = 1; lastKnownFileType = text.xcconfig; name = "Pods-MunchkinLevelCounter.ad hoc.xcconfig"; path = "Pods/Target Support Files/Pods-MunchkinLevelCounter/Pods-MunchkinLevelCounter.ad hoc.xcconfig"; sourceTree = "<group>"; };
		46399C6A6BB7CEB218A85294 /* Pods_MunchkinLevelCounter.framework */ = {isa = PBXFileReference; explicitFileType = wrapper.framework; includeInIndex = 0; path = Pods_MunchkinLevelCounter.framework; sourceTree = BUILT_PRODUCTS_DIR; };
		47FABE3AEFFEE99EA22B6D39 /* Pods-MunchkinLevelCounter.release.xcconfig */ = {isa = PBXFileReference; includeInIndex = 1; lastKnownFileType = text.xcconfig; name = "Pods-MunchkinLevelCounter.release.xcconfig"; path = "Pods/Target Support Files/Pods-MunchkinLevelCounter/Pods-MunchkinLevelCounter.release.xcconfig"; sourceTree = "<group>"; };
		4E9A64392CE0FF0897E8F225 /* Pods-MunchkinLevelCounterTests.release.xcconfig */ = {isa = PBXFileReference; includeInIndex = 1; lastKnownFileType = text.xcconfig; name = "Pods-MunchkinLevelCounterTests.release.xcconfig"; path = "Pods/Target Support Files/Pods-MunchkinLevelCounterTests/Pods-MunchkinLevelCounterTests.release.xcconfig"; sourceTree = "<group>"; };
		542F0FEBAD51AB9875B8A76F /* Pods-Munchkin Level Counter.debug.xcconfig */ = {isa = PBXFileReference; includeInIndex = 1; lastKnownFileType = text.xcconfig; name = "Pods-Munchkin Level Counter.debug.xcconfig"; path = "Pods/Target Support Files/Pods-Munchkin Level Counter/Pods-Munchkin Level Counter.debug.xcconfig"; sourceTree = "<group>"; };
		56F6911D425EA6423575B082 /* Pods_Munchkin_Level_Counter.framework */ = {isa = PBXFileReference; explicitFileType = wrapper.framework; includeInIndex = 0; path = Pods_Munchkin_Level_Counter.framework; sourceTree = BUILT_PRODUCTS_DIR; };
		5D31C7C05988FDF130E07539 /* Pods-Munchkin Level CounterTests.release.xcconfig */ = {isa = PBXFileReference; includeInIndex = 1; lastKnownFileType = text.xcconfig; name = "Pods-Munchkin Level CounterTests.release.xcconfig"; path = "Pods/Target Support Files/Pods-Munchkin Level CounterTests/Pods-Munchkin Level CounterTests.release.xcconfig"; sourceTree = "<group>"; };
		6166B033B03097EF4FDE051B /* Pods-Munchkin Level Counter.release.xcconfig */ = {isa = PBXFileReference; includeInIndex = 1; lastKnownFileType = text.xcconfig; name = "Pods-Munchkin Level Counter.release.xcconfig"; path = "Pods/Target Support Files/Pods-Munchkin Level Counter/Pods-Munchkin Level Counter.release.xcconfig"; sourceTree = "<group>"; };
		7CCEDB83BEC5440482DA548A /* Pods_Munchkin_Level_CounterTests.framework */ = {isa = PBXFileReference; explicitFileType = wrapper.framework; includeInIndex = 0; path = Pods_Munchkin_Level_CounterTests.framework; sourceTree = BUILT_PRODUCTS_DIR; };
		9083A2A5C71E08EADEBB36E7 /* Pods-MunchkinLevelCounterTests.app store.xcconfig */ = {isa = PBXFileReference; includeInIndex = 1; lastKnownFileType = text.xcconfig; name = "Pods-MunchkinLevelCounterTests.app store.xcconfig"; path = "Pods/Target Support Files/Pods-MunchkinLevelCounterTests/Pods-MunchkinLevelCounterTests.app store.xcconfig"; sourceTree = "<group>"; };
		A0522E5E71C1DB5DA4A41109 /* Pods-MunchkinLevelCounter.debug.xcconfig */ = {isa = PBXFileReference; includeInIndex = 1; lastKnownFileType = text.xcconfig; name = "Pods-MunchkinLevelCounter.debug.xcconfig"; path = "Pods/Target Support Files/Pods-MunchkinLevelCounter/Pods-MunchkinLevelCounter.debug.xcconfig"; sourceTree = "<group>"; };
		A127FA7F1E4DC65E002733AA /* OnboardingViewController.swift */ = {isa = PBXFileReference; fileEncoding = 4; lastKnownFileType = sourcecode.swift; path = OnboardingViewController.swift; sourceTree = "<group>"; };
		A127FA811E4DC66A002733AA /* OnboardingPresenter.swift */ = {isa = PBXFileReference; fileEncoding = 4; lastKnownFileType = sourcecode.swift; path = OnboardingPresenter.swift; sourceTree = "<group>"; };
		A127FA831E4DC67C002733AA /* OnboardingView.swift */ = {isa = PBXFileReference; fileEncoding = 4; lastKnownFileType = sourcecode.swift; path = OnboardingView.swift; sourceTree = "<group>"; };
		A127FA851E4E0FC1002733AA /* DashboardViewController.swift */ = {isa = PBXFileReference; fileEncoding = 4; lastKnownFileType = sourcecode.swift; path = DashboardViewController.swift; sourceTree = "<group>"; };
		A127FA871E4E0FDE002733AA /* DashboardPresenter.swift */ = {isa = PBXFileReference; fileEncoding = 4; lastKnownFileType = sourcecode.swift; path = DashboardPresenter.swift; sourceTree = "<group>"; };
		A127FA891E4E0FE6002733AA /* DashboardView.swift */ = {isa = PBXFileReference; fileEncoding = 4; lastKnownFileType = sourcecode.swift; path = DashboardView.swift; sourceTree = "<group>"; };
		A12D01AF1E54868B009BCD9E /* PlayersEditorTableViewCell.swift */ = {isa = PBXFileReference; fileEncoding = 4; lastKnownFileType = sourcecode.swift; path = PlayersEditorTableViewCell.swift; sourceTree = "<group>"; };
		A16725FB1E5F24FB006CF6E8 /* fabric.apikey */ = {isa = PBXFileReference; fileEncoding = 4; lastKnownFileType = text; path = fabric.apikey; sourceTree = "<group>"; };
		A16725FD1E5F2508006CF6E8 /* fabric.buildsecret */ = {isa = PBXFileReference; fileEncoding = 4; lastKnownFileType = text; path = fabric.buildsecret; sourceTree = "<group>"; };
		A170F5FF1E5097FA006149D3 /* Player.swift */ = {isa = PBXFileReference; fileEncoding = 4; lastKnownFileType = sourcecode.swift; path = Player.swift; sourceTree = "<group>"; };
		A177500F1E4CB432004B910E /* PlayersEditorViewController.swift */ = {isa = PBXFileReference; fileEncoding = 4; lastKnownFileType = sourcecode.swift; path = PlayersEditorViewController.swift; sourceTree = "<group>"; };
		A17750111E4CB446004B910E /* PlayersEditorPresenter.swift */ = {isa = PBXFileReference; fileEncoding = 4; lastKnownFileType = sourcecode.swift; path = PlayersEditorPresenter.swift; sourceTree = "<group>"; };
		A17750141E4CB4CF004B910E /* Presenter.swift */ = {isa = PBXFileReference; fileEncoding = 4; lastKnownFileType = sourcecode.swift; path = Presenter.swift; sourceTree = "<group>"; };
		A17750161E4CB51E004B910E /* BaseView.swift */ = {isa = PBXFileReference; fileEncoding = 4; lastKnownFileType = sourcecode.swift; path = BaseView.swift; sourceTree = "<group>"; };
		A17750181E4CB576004B910E /* PlayersEditorView.swift */ = {isa = PBXFileReference; fileEncoding = 4; lastKnownFileType = sourcecode.swift; path = PlayersEditorView.swift; sourceTree = "<group>"; };
		A17E208B1E6074CB00EA04CB /* MunchkinLevelCounterTests.xctest */ = {isa = PBXFileReference; explicitFileType = wrapper.cfbundle; includeInIndex = 0; path = MunchkinLevelCounterTests.xctest; sourceTree = BUILT_PRODUCTS_DIR; };
		A17E208D1E6074CB00EA04CB /* MunchkinLevelCounterTests.swift */ = {isa = PBXFileReference; lastKnownFileType = sourcecode.swift; path = MunchkinLevelCounterTests.swift; sourceTree = "<group>"; };
		A17E208F1E6074CB00EA04CB /* Info.plist */ = {isa = PBXFileReference; lastKnownFileType = text.plist.xml; path = Info.plist; sourceTree = "<group>"; };
		A193D5BE1E645F1B00FD42FD /* Extensions.swift */ = {isa = PBXFileReference; fileEncoding = 4; lastKnownFileType = sourcecode.swift; path = Extensions.swift; sourceTree = "<group>"; };
		A199C94D1E67B5610051BCCC /* BaseViewController.swift */ = {isa = PBXFileReference; fileEncoding = 4; lastKnownFileType = sourcecode.swift; path = BaseViewController.swift; sourceTree = "<group>"; };
		A19A768D1E6CEB65005C691A /* Base */ = {isa = PBXFileReference; lastKnownFileType = text.plist.strings; name = Base; path = Base.lproj/Localizable.strings; sourceTree = "<group>"; };
		A19A76901E6CEB78005C691A /* ru */ = {isa = PBXFileReference; lastKnownFileType = text.plist.strings; name = ru; path = ru.lproj/Localizable.strings; sourceTree = "<group>"; };
		A19A76921E6CF061005C691A /* munchkin.ttf */ = {isa = PBXFileReference; lastKnownFileType = file; path = munchkin.ttf; sourceTree = "<group>"; };
		A19E3BCF1E9FFEA7007DAE81 /* de */ = {isa = PBXFileReference; lastKnownFileType = text.plist.strings; name = de; path = de.lproj/Localizable.strings; sourceTree = "<group>"; };
		A19E3BD01E9FFF66007DAE81 /* fr */ = {isa = PBXFileReference; lastKnownFileType = text.plist.strings; name = fr; path = fr.lproj/Localizable.strings; sourceTree = "<group>"; };
		A19E3BD11EA00007007DAE81 /* it */ = {isa = PBXFileReference; lastKnownFileType = text.plist.strings; name = it; path = it.lproj/Localizable.strings; sourceTree = "<group>"; };
		A19E3BD21EA00057007DAE81 /* es */ = {isa = PBXFileReference; lastKnownFileType = text.plist.strings; name = es; path = es.lproj/Localizable.strings; sourceTree = "<group>"; };
		A19E3BD31EA0006F007DAE81 /* nl */ = {isa = PBXFileReference; lastKnownFileType = text.plist.strings; name = nl; path = nl.lproj/Localizable.strings; sourceTree = "<group>"; };
		A1BD807E1E5C9B090010038F /* ChartsViewController.swift */ = {isa = PBXFileReference; fileEncoding = 4; lastKnownFileType = sourcecode.swift; path = ChartsViewController.swift; sourceTree = "<group>"; };
		A1BD80801E5C9B1B0010038F /* ChartsPresenter.swift */ = {isa = PBXFileReference; fileEncoding = 4; lastKnownFileType = sourcecode.swift; path = ChartsPresenter.swift; sourceTree = "<group>"; };
		A1BD80821E5C9B250010038F /* ChartsView.swift */ = {isa = PBXFileReference; fileEncoding = 4; lastKnownFileType = sourcecode.swift; path = ChartsView.swift; sourceTree = "<group>"; };
		A1D5EE9E1E796D98001416C0 /* Munchkin_Level_Counter 2.xcdatamodel */ = {isa = PBXFileReference; lastKnownFileType = wrapper.xcdatamodel; path = "Munchkin_Level_Counter 2.xcdatamodel"; sourceTree = "<group>"; };
		A1E0606E1E55D6A3006D2891 /* DashboardTableViewCell.swift */ = {isa = PBXFileReference; fileEncoding = 4; lastKnownFileType = sourcecode.swift; path = DashboardTableViewCell.swift; sourceTree = "<group>"; };
		A1E060731E55DD50006D2891 /* GameResultViewController.swift */ = {isa = PBXFileReference; fileEncoding = 4; lastKnownFileType = sourcecode.swift; path = GameResultViewController.swift; sourceTree = "<group>"; };
		A1E060751E55DD62006D2891 /* GameResultView.swift */ = {isa = PBXFileReference; fileEncoding = 4; lastKnownFileType = sourcecode.swift; path = GameResultView.swift; sourceTree = "<group>"; };
		A1E060771E55DDC7006D2891 /* GameResultPresenter.swift */ = {isa = PBXFileReference; fileEncoding = 4; lastKnownFileType = sourcecode.swift; path = GameResultPresenter.swift; sourceTree = "<group>"; };
		A1E060791E55E67B006D2891 /* GameStep.swift */ = {isa = PBXFileReference; fileEncoding = 4; lastKnownFileType = sourcecode.swift; path = GameStep.swift; sourceTree = "<group>"; };
		A1E0607C1E55EDF1006D2891 /* PlayerViewController.swift */ = {isa = PBXFileReference; fileEncoding = 4; lastKnownFileType = sourcecode.swift; path = PlayerViewController.swift; sourceTree = "<group>"; };
		A1E0607E1E55EDFD006D2891 /* PlayerPresenter.swift */ = {isa = PBXFileReference; fileEncoding = 4; lastKnownFileType = sourcecode.swift; path = PlayerPresenter.swift; sourceTree = "<group>"; };
		A1E060801E55EE07006D2891 /* PlayerView.swift */ = {isa = PBXFileReference; fileEncoding = 4; lastKnownFileType = sourcecode.swift; path = PlayerView.swift; sourceTree = "<group>"; };
		A1EFDB8A1E53419600FEBD76 /* Db.swift */ = {isa = PBXFileReference; fileEncoding = 4; lastKnownFileType = sourcecode.swift; path = Db.swift; sourceTree = "<group>"; };
		A1F8F7491E4CA6B200B57DEB /* MunchkinLevelCounter.app */ = {isa = PBXFileReference; explicitFileType = wrapper.application; includeInIndex = 0; path = MunchkinLevelCounter.app; sourceTree = BUILT_PRODUCTS_DIR; };
		A1F8F74C1E4CA6B200B57DEB /* AppDelegate.swift */ = {isa = PBXFileReference; lastKnownFileType = sourcecode.swift; path = AppDelegate.swift; sourceTree = "<group>"; wrapsLines = 0; };
		A1F8F7511E4CA6B200B57DEB /* Base */ = {isa = PBXFileReference; lastKnownFileType = file.storyboard; name = Base; path = Base.lproj/Main.storyboard; sourceTree = "<group>"; };
		A1F8F7541E4CA6B200B57DEB /* Munchkin_Level_Counter.xcdatamodel */ = {isa = PBXFileReference; lastKnownFileType = wrapper.xcdatamodel; path = Munchkin_Level_Counter.xcdatamodel; sourceTree = "<group>"; };
		A1F8F7561E4CA6B200B57DEB /* Assets.xcassets */ = {isa = PBXFileReference; lastKnownFileType = folder.assetcatalog; path = Assets.xcassets; sourceTree = "<group>"; };
		A1F8F7591E4CA6B200B57DEB /* Base */ = {isa = PBXFileReference; lastKnownFileType = file.storyboard; name = Base; path = Base.lproj/LaunchScreen.storyboard; sourceTree = "<group>"; };
		A1F8F75B1E4CA6B200B57DEB /* Info.plist */ = {isa = PBXFileReference; lastKnownFileType = text.plist.xml; path = Info.plist; sourceTree = "<group>"; };
		A1F8F7771E4CA89300B57DEB /* DataManager.swift */ = {isa = PBXFileReference; fileEncoding = 4; lastKnownFileType = sourcecode.swift; path = DataManager.swift; sourceTree = "<group>"; };
		A1F8F7791E4CA8C400B57DEB /* DatabaseHelper.swift */ = {isa = PBXFileReference; fileEncoding = 4; lastKnownFileType = sourcecode.swift; path = DatabaseHelper.swift; sourceTree = "<group>"; };
		A1F8F77B1E4CAB8B00B57DEB /* PreferencesHelper.swift */ = {isa = PBXFileReference; fileEncoding = 4; lastKnownFileType = sourcecode.swift; path = PreferencesHelper.swift; sourceTree = "<group>"; };
		A1FE902D1E65AABD0072315A /* ChartsTableViewCell.swift */ = {isa = PBXFileReference; fileEncoding = 4; lastKnownFileType = sourcecode.swift; path = ChartsTableViewCell.swift; sourceTree = "<group>"; };
		A1FE90631E66E69E0072315A /* Appearance.swift */ = {isa = PBXFileReference; fileEncoding = 4; lastKnownFileType = sourcecode.swift; path = Appearance.swift; sourceTree = "<group>"; };
		A1FE90671E67959A0072315A /* Colors.swift */ = {isa = PBXFileReference; fileEncoding = 4; lastKnownFileType = sourcecode.swift; path = Colors.swift; sourceTree = "<group>"; };
		A2F903EC40DD9BDDCCA1E5B9 /* Pods_MunchkinLevelCounterTests.framework */ = {isa = PBXFileReference; explicitFileType = wrapper.framework; includeInIndex = 0; path = Pods_MunchkinLevelCounterTests.framework; sourceTree = BUILT_PRODUCTS_DIR; };
		CBAC2354BAA805BAA503F815 /* Pods-MunchkinLevelCounterTests.ad hoc.xcconfig */ = {isa = PBXFileReference; includeInIndex = 1; lastKnownFileType = text.xcconfig; name = "Pods-MunchkinLevelCounterTests.ad hoc.xcconfig"; path = "Pods/Target Support Files/Pods-MunchkinLevelCounterTests/Pods-MunchkinLevelCounterTests.ad hoc.xcconfig"; sourceTree = "<group>"; };
		DE001F53FC67234840A18435 /* Pods-Munchkin Level CounterTests.debug.xcconfig */ = {isa = PBXFileReference; includeInIndex = 1; lastKnownFileType = text.xcconfig; name = "Pods-Munchkin Level CounterTests.debug.xcconfig"; path = "Pods/Target Support Files/Pods-Munchkin Level CounterTests/Pods-Munchkin Level CounterTests.debug.xcconfig"; sourceTree = "<group>"; };
		DF0D7CDB2BB31B124060FDAE /* Pods-MunchkinLevelCounterTests.debug.xcconfig */ = {isa = PBXFileReference; includeInIndex = 1; lastKnownFileType = text.xcconfig; name = "Pods-MunchkinLevelCounterTests.debug.xcconfig"; path = "Pods/Target Support Files/Pods-MunchkinLevelCounterTests/Pods-MunchkinLevelCounterTests.debug.xcconfig"; sourceTree = "<group>"; };
/* End PBXFileReference section */

/* Begin PBXFrameworksBuildPhase section */
		A17E20881E6074CB00EA04CB /* Frameworks */ = {
			isa = PBXFrameworksBuildPhase;
			buildActionMask = 2147483647;
			files = (
				80E1B09664D5B7664BD2778F /* Pods_MunchkinLevelCounterTests.framework in Frameworks */,
			);
			runOnlyForDeploymentPostprocessing = 0;
		};
		A1F8F7461E4CA6B200B57DEB /* Frameworks */ = {
			isa = PBXFrameworksBuildPhase;
			buildActionMask = 2147483647;
			files = (
				7AC27E8E985D8EB9173E1A46 /* Pods_MunchkinLevelCounter.framework in Frameworks */,
			);
			runOnlyForDeploymentPostprocessing = 0;
		};
/* End PBXFrameworksBuildPhase section */

/* Begin PBXGroup section */
		05F4BF00EB4873145F9E6A5D /* Frameworks */ = {
			isa = PBXGroup;
			children = (
				56F6911D425EA6423575B082 /* Pods_Munchkin_Level_Counter.framework */,
				7CCEDB83BEC5440482DA548A /* Pods_Munchkin_Level_CounterTests.framework */,
				46399C6A6BB7CEB218A85294 /* Pods_MunchkinLevelCounter.framework */,
				A2F903EC40DD9BDDCCA1E5B9 /* Pods_MunchkinLevelCounterTests.framework */,
			);
			name = Frameworks;
			sourceTree = "<group>";
		};
		813606A9E38152C22EAE6CD7 /* Pods */ = {
			isa = PBXGroup;
			children = (
				542F0FEBAD51AB9875B8A76F /* Pods-Munchkin Level Counter.debug.xcconfig */,
				6166B033B03097EF4FDE051B /* Pods-Munchkin Level Counter.release.xcconfig */,
				DE001F53FC67234840A18435 /* Pods-Munchkin Level CounterTests.debug.xcconfig */,
				5D31C7C05988FDF130E07539 /* Pods-Munchkin Level CounterTests.release.xcconfig */,
				A0522E5E71C1DB5DA4A41109 /* Pods-MunchkinLevelCounter.debug.xcconfig */,
				47FABE3AEFFEE99EA22B6D39 /* Pods-MunchkinLevelCounter.release.xcconfig */,
				DF0D7CDB2BB31B124060FDAE /* Pods-MunchkinLevelCounterTests.debug.xcconfig */,
				4E9A64392CE0FF0897E8F225 /* Pods-MunchkinLevelCounterTests.release.xcconfig */,
				15EAA78869A77B67CCD9A5A9 /* Pods-MunchkinLevelCounter.app store.xcconfig */,
				407977610C8921B6EB54369F /* Pods-MunchkinLevelCounter.ad hoc.xcconfig */,
				9083A2A5C71E08EADEBB36E7 /* Pods-MunchkinLevelCounterTests.app store.xcconfig */,
				CBAC2354BAA805BAA503F815 /* Pods-MunchkinLevelCounterTests.ad hoc.xcconfig */,
			);
			name = Pods;
			sourceTree = "<group>";
		};
		A127FA7D1E4DC5FA002733AA /* Dashboard */ = {
			isa = PBXGroup;
			children = (
				A127FA851E4E0FC1002733AA /* DashboardViewController.swift */,
				A127FA871E4E0FDE002733AA /* DashboardPresenter.swift */,
				A127FA891E4E0FE6002733AA /* DashboardView.swift */,
				A1E0606E1E55D6A3006D2891 /* DashboardTableViewCell.swift */,
			);
			path = Dashboard;
			sourceTree = "<group>";
		};
		A127FA7E1E4DC625002733AA /* Onboarding */ = {
			isa = PBXGroup;
			children = (
				A127FA7F1E4DC65E002733AA /* OnboardingViewController.swift */,
				A127FA811E4DC66A002733AA /* OnboardingPresenter.swift */,
				A127FA831E4DC67C002733AA /* OnboardingView.swift */,
			);
			path = Onboarding;
			sourceTree = "<group>";
		};
		A177500C1E4CB3C6004B910E /* Players Editor */ = {
			isa = PBXGroup;
			children = (
				A177500F1E4CB432004B910E /* PlayersEditorViewController.swift */,
				A17750111E4CB446004B910E /* PlayersEditorPresenter.swift */,
				A17750181E4CB576004B910E /* PlayersEditorView.swift */,
				A12D01AF1E54868B009BCD9E /* PlayersEditorTableViewCell.swift */,
			);
			path = "Players Editor";
			sourceTree = "<group>";
		};
		A17750131E4CB4B6004B910E /* Base */ = {
			isa = PBXGroup;
			children = (
				A17750141E4CB4CF004B910E /* Presenter.swift */,
				A17750161E4CB51E004B910E /* BaseView.swift */,
				A199C94D1E67B5610051BCCC /* BaseViewController.swift */,
			);
			path = Base;
			sourceTree = "<group>";
		};
		A17E208C1E6074CB00EA04CB /* MunchkinLevelCounterTests */ = {
			isa = PBXGroup;
			children = (
				A17E208D1E6074CB00EA04CB /* MunchkinLevelCounterTests.swift */,
				A17E208F1E6074CB00EA04CB /* Info.plist */,
			);
			path = MunchkinLevelCounterTests;
			sourceTree = "<group>";
		};
		A193D5BD1E645F0300FD42FD /* Util */ = {
			isa = PBXGroup;
			children = (
				A193D5BE1E645F1B00FD42FD /* Extensions.swift */,
				A1FE90631E66E69E0072315A /* Appearance.swift */,
				A1FE90671E67959A0072315A /* Colors.swift */,
			);
			path = Util;
			sourceTree = "<group>";
		};
		A19A76911E6CEFFC005C691A /* Resources */ = {
			isa = PBXGroup;
			children = (
				A1E4F77B1E70111400C15792 /* Fonts */,
			);
			path = Resources;
			sourceTree = "<group>";
		};
		A1BD807D1E5C9AEB0010038F /* Charts */ = {
			isa = PBXGroup;
			children = (
				A1BD807E1E5C9B090010038F /* ChartsViewController.swift */,
				A1BD80801E5C9B1B0010038F /* ChartsPresenter.swift */,
				A1BD80821E5C9B250010038F /* ChartsView.swift */,
				A1FE902D1E65AABD0072315A /* ChartsTableViewCell.swift */,
			);
			path = Charts;
			sourceTree = "<group>";
		};
		A1E060721E55DD0C006D2891 /* Game Result */ = {
			isa = PBXGroup;
			children = (
				A1E060731E55DD50006D2891 /* GameResultViewController.swift */,
				A1E060751E55DD62006D2891 /* GameResultView.swift */,
				A1E060771E55DDC7006D2891 /* GameResultPresenter.swift */,
			);
			path = "Game Result";
			sourceTree = "<group>";
		};
		A1E0607B1E55EDDF006D2891 /* Player */ = {
			isa = PBXGroup;
			children = (
				A1E0607C1E55EDF1006D2891 /* PlayerViewController.swift */,
				A1E0607E1E55EDFD006D2891 /* PlayerPresenter.swift */,
				A1E060801E55EE07006D2891 /* PlayerView.swift */,
			);
			path = Player;
			sourceTree = "<group>";
		};
		A1E4F77B1E70111400C15792 /* Fonts */ = {
			isa = PBXGroup;
			children = (
				A19A76921E6CF061005C691A /* munchkin.ttf */,
			);
			path = Fonts;
			sourceTree = "<group>";
		};
		A1F8F7401E4CA6B200B57DEB = {
			isa = PBXGroup;
			children = (
				A16725FD1E5F2508006CF6E8 /* fabric.buildsecret */,
				A16725FB1E5F24FB006CF6E8 /* fabric.apikey */,
				A1F8F74B1E4CA6B200B57DEB /* MunchkinLevelCounter */,
				A17E208C1E6074CB00EA04CB /* MunchkinLevelCounterTests */,
				A1F8F74A1E4CA6B200B57DEB /* Products */,
				813606A9E38152C22EAE6CD7 /* Pods */,
				05F4BF00EB4873145F9E6A5D /* Frameworks */,
			);
			sourceTree = "<group>";
		};
		A1F8F74A1E4CA6B200B57DEB /* Products */ = {
			isa = PBXGroup;
			children = (
				A1F8F7491E4CA6B200B57DEB /* MunchkinLevelCounter.app */,
				A17E208B1E6074CB00EA04CB /* MunchkinLevelCounterTests.xctest */,
			);
			name = Products;
			sourceTree = "<group>";
		};
		A1F8F74B1E4CA6B200B57DEB /* MunchkinLevelCounter */ = {
			isa = PBXGroup;
			children = (
				A19A76911E6CEFFC005C691A /* Resources */,
				A1F8F7701E4CA7BE00B57DEB /* Data */,
				A1F8F76F1E4CA7AD00B57DEB /* UI */,
				A193D5BD1E645F0300FD42FD /* Util */,
				A1F8F74C1E4CA6B200B57DEB /* AppDelegate.swift */,
				A1F8F7501E4CA6B200B57DEB /* Main.storyboard */,
				A19A768E1E6CEB65005C691A /* Localizable.strings */,
				A1F8F7561E4CA6B200B57DEB /* Assets.xcassets */,
				A1F8F7581E4CA6B200B57DEB /* LaunchScreen.storyboard */,
				A1F8F75B1E4CA6B200B57DEB /* Info.plist */,
				A1F8F7531E4CA6B200B57DEB /* Munchkin_Level_Counter.xcdatamodeld */,
			);
			path = MunchkinLevelCounter;
			sourceTree = "<group>";
		};
		A1F8F76F1E4CA7AD00B57DEB /* UI */ = {
			isa = PBXGroup;
			children = (
				A1BD807D1E5C9AEB0010038F /* Charts */,
				A1E0607B1E55EDDF006D2891 /* Player */,
				A1E060721E55DD0C006D2891 /* Game Result */,
				A127FA7E1E4DC625002733AA /* Onboarding */,
				A127FA7D1E4DC5FA002733AA /* Dashboard */,
				A17750131E4CB4B6004B910E /* Base */,
				A177500C1E4CB3C6004B910E /* Players Editor */,
			);
			path = UI;
			sourceTree = "<group>";
		};
		A1F8F7701E4CA7BE00B57DEB /* Data */ = {
			isa = PBXGroup;
			children = (
				A1F8F7741E4CA7DB00B57DEB /* Model */,
				A1F8F7721E4CA7CC00B57DEB /* Remote */,
				A1F8F7711E4CA7C600B57DEB /* Local */,
				A1F8F7771E4CA89300B57DEB /* DataManager.swift */,
			);
			path = Data;
			sourceTree = "<group>";
		};
		A1F8F7711E4CA7C600B57DEB /* Local */ = {
			isa = PBXGroup;
			children = (
				A1F8F7791E4CA8C400B57DEB /* DatabaseHelper.swift */,
				A1F8F77B1E4CAB8B00B57DEB /* PreferencesHelper.swift */,
				A1EFDB8A1E53419600FEBD76 /* Db.swift */,
			);
			path = Local;
			sourceTree = "<group>";
		};
		A1F8F7721E4CA7CC00B57DEB /* Remote */ = {
			isa = PBXGroup;
			children = (
			);
			path = Remote;
			sourceTree = "<group>";
		};
		A1F8F7741E4CA7DB00B57DEB /* Model */ = {
			isa = PBXGroup;
			children = (
				A170F5FF1E5097FA006149D3 /* Player.swift */,
				A1E060791E55E67B006D2891 /* GameStep.swift */,
			);
			path = Model;
			sourceTree = "<group>";
		};
/* End PBXGroup section */

/* Begin PBXNativeTarget section */
		A17E208A1E6074CB00EA04CB /* MunchkinLevelCounterTests */ = {
			isa = PBXNativeTarget;
			buildConfigurationList = A17E20921E6074CB00EA04CB /* Build configuration list for PBXNativeTarget "MunchkinLevelCounterTests" */;
			buildPhases = (
				39B578E389BC157B5A49F2F0 /* [CP] Check Pods Manifest.lock */,
				A17E20871E6074CB00EA04CB /* Sources */,
				A17E20881E6074CB00EA04CB /* Frameworks */,
				A17E20891E6074CB00EA04CB /* Resources */,
				9B2AEA2CEE60E3033642A0CB /* [CP] Embed Pods Frameworks */,
				EDF0CED974182E9FBDA9C475 /* [CP] Copy Pods Resources */,
			);
			buildRules = (
			);
			dependencies = (
				A17E20911E6074CB00EA04CB /* PBXTargetDependency */,
			);
			name = MunchkinLevelCounterTests;
			productName = MunchkinLevelCounterTests;
			productReference = A17E208B1E6074CB00EA04CB /* MunchkinLevelCounterTests.xctest */;
			productType = "com.apple.product-type.bundle.unit-test";
		};
		A1F8F7481E4CA6B200B57DEB /* MunchkinLevelCounter */ = {
			isa = PBXNativeTarget;
			buildConfigurationList = A1F8F7691E4CA6B200B57DEB /* Build configuration list for PBXNativeTarget "MunchkinLevelCounter" */;
			buildPhases = (
				9F6F4D1556553E029FA8D086 /* [CP] Check Pods Manifest.lock */,
				A1F8F7451E4CA6B200B57DEB /* Sources */,
				A1F8F7461E4CA6B200B57DEB /* Frameworks */,
				A1DA49E21E685C94003FF1CF /* ShellScript */,
				A1F8F7471E4CA6B200B57DEB /* Resources */,
				469F216926D2EB0135B8362D /* [CP] Embed Pods Frameworks */,
				B6E0C7F1841A6B9184B5B2D0 /* [CP] Copy Pods Resources */,
				A14D0B201E5B3240008221F4 /* ShellScript */,
			);
			buildRules = (
			);
			dependencies = (
			);
			name = MunchkinLevelCounter;
			productName = "Munchkin Level Counter";
			productReference = A1F8F7491E4CA6B200B57DEB /* MunchkinLevelCounter.app */;
			productType = "com.apple.product-type.application";
		};
/* End PBXNativeTarget section */

/* Begin PBXProject section */
		A1F8F7411E4CA6B200B57DEB /* Project object */ = {
			isa = PBXProject;
			attributes = {
				LastSwiftUpdateCheck = 0820;
				LastUpgradeCheck = 0820;
				ORGANIZATIONNAME = datarockets;
				TargetAttributes = {
					A17E208A1E6074CB00EA04CB = {
						CreatedOnToolsVersion = 8.2.1;
						DevelopmentTeam = M5MBYBFCK5;
						ProvisioningStyle = Automatic;
						TestTargetID = A1F8F7481E4CA6B200B57DEB;
					};
					A1F8F7481E4CA6B200B57DEB = {
						CreatedOnToolsVersion = 8.2.1;
						DevelopmentTeam = M5MBYBFCK5;
						ProvisioningStyle = Manual;
					};
				};
			};
			buildConfigurationList = A1F8F7441E4CA6B200B57DEB /* Build configuration list for PBXProject "MunchkinLevelCounter" */;
			compatibilityVersion = "Xcode 3.2";
			developmentRegion = English;
			hasScannedForEncodings = 0;
			knownRegions = (
				en,
				Base,
				ru,
				de,
				fr,
				it,
				es,
				nl,
			);
			mainGroup = A1F8F7401E4CA6B200B57DEB;
			productRefGroup = A1F8F74A1E4CA6B200B57DEB /* Products */;
			projectDirPath = "";
			projectRoot = "";
			targets = (
				A1F8F7481E4CA6B200B57DEB /* MunchkinLevelCounter */,
				A17E208A1E6074CB00EA04CB /* MunchkinLevelCounterTests */,
			);
		};
/* End PBXProject section */

/* Begin PBXResourcesBuildPhase section */
		A17E20891E6074CB00EA04CB /* Resources */ = {
			isa = PBXResourcesBuildPhase;
			buildActionMask = 2147483647;
			files = (
			);
			runOnlyForDeploymentPostprocessing = 0;
		};
		A1F8F7471E4CA6B200B57DEB /* Resources */ = {
			isa = PBXResourcesBuildPhase;
			buildActionMask = 2147483647;
			files = (
				A19A768C1E6CEB65005C691A /* Localizable.strings in Resources */,
				A16725FE1E5F2508006CF6E8 /* fabric.buildsecret in Resources */,
				A1F8F75A1E4CA6B200B57DEB /* LaunchScreen.storyboard in Resources */,
				A1F8F7571E4CA6B200B57DEB /* Assets.xcassets in Resources */,
				A19A76941E6CF078005C691A /* munchkin.ttf in Resources */,
				A16725FC1E5F24FB006CF6E8 /* fabric.apikey in Resources */,
				A1F8F7521E4CA6B200B57DEB /* Main.storyboard in Resources */,
			);
			runOnlyForDeploymentPostprocessing = 0;
		};
/* End PBXResourcesBuildPhase section */

/* Begin PBXShellScriptBuildPhase section */
		39B578E389BC157B5A49F2F0 /* [CP] Check Pods Manifest.lock */ = {
			isa = PBXShellScriptBuildPhase;
			buildActionMask = 2147483647;
			files = (
			);
			inputPaths = (
			);
			name = "[CP] Check Pods Manifest.lock";
			outputPaths = (
			);
			runOnlyForDeploymentPostprocessing = 0;
			shellPath = /bin/sh;
			shellScript = "diff \"${PODS_ROOT}/../Podfile.lock\" \"${PODS_ROOT}/Manifest.lock\" > /dev/null\nif [ $? != 0 ] ; then\n    # print error to STDERR\n    echo \"error: The sandbox is not in sync with the Podfile.lock. Run 'pod install' or update your CocoaPods installation.\" >&2\n    exit 1\nfi\n";
			showEnvVarsInLog = 0;
		};
		469F216926D2EB0135B8362D /* [CP] Embed Pods Frameworks */ = {
			isa = PBXShellScriptBuildPhase;
			buildActionMask = 2147483647;
			files = (
			);
			inputPaths = (
			);
			name = "[CP] Embed Pods Frameworks";
			outputPaths = (
			);
			runOnlyForDeploymentPostprocessing = 0;
			shellPath = /bin/sh;
			shellScript = "\"${SRCROOT}/Pods/Target Support Files/Pods-MunchkinLevelCounter/Pods-MunchkinLevelCounter-frameworks.sh\"\n";
			showEnvVarsInLog = 0;
		};
		9B2AEA2CEE60E3033642A0CB /* [CP] Embed Pods Frameworks */ = {
			isa = PBXShellScriptBuildPhase;
			buildActionMask = 2147483647;
			files = (
			);
			inputPaths = (
			);
			name = "[CP] Embed Pods Frameworks";
			outputPaths = (
			);
			runOnlyForDeploymentPostprocessing = 0;
			shellPath = /bin/sh;
			shellScript = "\"${SRCROOT}/Pods/Target Support Files/Pods-MunchkinLevelCounterTests/Pods-MunchkinLevelCounterTests-frameworks.sh\"\n";
			showEnvVarsInLog = 0;
		};
		9F6F4D1556553E029FA8D086 /* [CP] Check Pods Manifest.lock */ = {
			isa = PBXShellScriptBuildPhase;
			buildActionMask = 2147483647;
			files = (
			);
			inputPaths = (
			);
			name = "[CP] Check Pods Manifest.lock";
			outputPaths = (
			);
			runOnlyForDeploymentPostprocessing = 0;
			shellPath = /bin/sh;
			shellScript = "diff \"${PODS_ROOT}/../Podfile.lock\" \"${PODS_ROOT}/Manifest.lock\" > /dev/null\nif [ $? != 0 ] ; then\n    # print error to STDERR\n    echo \"error: The sandbox is not in sync with the Podfile.lock. Run 'pod install' or update your CocoaPods installation.\" >&2\n    exit 1\nfi\n";
			showEnvVarsInLog = 0;
		};
		A14D0B201E5B3240008221F4 /* ShellScript */ = {
			isa = PBXShellScriptBuildPhase;
			buildActionMask = 2147483647;
			files = (
			);
			inputPaths = (
			);
			outputPaths = (
			);
			runOnlyForDeploymentPostprocessing = 0;
			shellPath = /bin/sh;
			shellScript = "FABRIC_APIKEY=$(cat ${SRCROOT}/fabric.apikey)\nFABRIC_BUILDSECRET=$(cat ${SRCROOT}/fabric.buildsecret)\n\"${PODS_ROOT}/Fabric/run\" ${FABRIC_APIKEY} ${FABRIC_BUILDSECRET}";
		};
		A1DA49E21E685C94003FF1CF /* ShellScript */ = {
			isa = PBXShellScriptBuildPhase;
			buildActionMask = 2147483647;
			files = (
			);
			inputPaths = (
			);
			outputPaths = (
			);
			runOnlyForDeploymentPostprocessing = 0;
			shellPath = /bin/sh;
			shellScript = "if which swiftlint >/dev/null; then\n    swiftlint\nelse\n    echo \"warning: SwiftLint not installed, download from https://github.com/realm/SwiftLint\"\nfi";
		};
		B6E0C7F1841A6B9184B5B2D0 /* [CP] Copy Pods Resources */ = {
			isa = PBXShellScriptBuildPhase;
			buildActionMask = 2147483647;
			files = (
			);
			inputPaths = (
			);
			name = "[CP] Copy Pods Resources";
			outputPaths = (
			);
			runOnlyForDeploymentPostprocessing = 0;
			shellPath = /bin/sh;
			shellScript = "\"${SRCROOT}/Pods/Target Support Files/Pods-MunchkinLevelCounter/Pods-MunchkinLevelCounter-resources.sh\"\n";
			showEnvVarsInLog = 0;
		};
		EDF0CED974182E9FBDA9C475 /* [CP] Copy Pods Resources */ = {
			isa = PBXShellScriptBuildPhase;
			buildActionMask = 2147483647;
			files = (
			);
			inputPaths = (
			);
			name = "[CP] Copy Pods Resources";
			outputPaths = (
			);
			runOnlyForDeploymentPostprocessing = 0;
			shellPath = /bin/sh;
			shellScript = "\"${SRCROOT}/Pods/Target Support Files/Pods-MunchkinLevelCounterTests/Pods-MunchkinLevelCounterTests-resources.sh\"\n";
			showEnvVarsInLog = 0;
		};
/* End PBXShellScriptBuildPhase section */

/* Begin PBXSourcesBuildPhase section */
		A17E20871E6074CB00EA04CB /* Sources */ = {
			isa = PBXSourcesBuildPhase;
			buildActionMask = 2147483647;
			files = (
				A17E208E1E6074CB00EA04CB /* MunchkinLevelCounterTests.swift in Sources */,
			);
			runOnlyForDeploymentPostprocessing = 0;
		};
		A1F8F7451E4CA6B200B57DEB /* Sources */ = {
			isa = PBXSourcesBuildPhase;
			buildActionMask = 2147483647;
			files = (
				A127FA801E4DC65E002733AA /* OnboardingViewController.swift in Sources */,
				A17750151E4CB4CF004B910E /* Presenter.swift in Sources */,
				A127FA881E4E0FDE002733AA /* DashboardPresenter.swift in Sources */,
				A1FE90681E67959A0072315A /* Colors.swift in Sources */,
				A17750101E4CB432004B910E /* PlayersEditorViewController.swift in Sources */,
				A199C94E1E67B5610051BCCC /* BaseViewController.swift in Sources */,
				A127FA841E4DC67C002733AA /* OnboardingView.swift in Sources */,
				A1E0606F1E55D6A3006D2891 /* DashboardTableViewCell.swift in Sources */,
				A1E0607F1E55EDFD006D2891 /* PlayerPresenter.swift in Sources */,
				A1FE90641E66E69E0072315A /* Appearance.swift in Sources */,
				A1E0607D1E55EDF1006D2891 /* PlayerViewController.swift in Sources */,
				A1F8F77C1E4CAB8B00B57DEB /* PreferencesHelper.swift in Sources */,
				A1F8F7551E4CA6B200B57DEB /* Munchkin_Level_Counter.xcdatamodeld in Sources */,
				A170F6001E5097FA006149D3 /* Player.swift in Sources */,
				A193D5BF1E645F1B00FD42FD /* Extensions.swift in Sources */,
				A127FA821E4DC66A002733AA /* OnboardingPresenter.swift in Sources */,
				A1BD807F1E5C9B090010038F /* ChartsViewController.swift in Sources */,
				A1F8F77A1E4CA8C400B57DEB /* DatabaseHelper.swift in Sources */,
				A1F8F7781E4CA89300B57DEB /* DataManager.swift in Sources */,
				A1E060781E55DDC7006D2891 /* GameResultPresenter.swift in Sources */,
				A1E060761E55DD62006D2891 /* GameResultView.swift in Sources */,
				A1E060741E55DD50006D2891 /* GameResultViewController.swift in Sources */,
				A17750191E4CB576004B910E /* PlayersEditorView.swift in Sources */,
				A1EFDB8B1E53419600FEBD76 /* Db.swift in Sources */,
				A17750171E4CB51E004B910E /* BaseView.swift in Sources */,
				A127FA8A1E4E0FE6002733AA /* DashboardView.swift in Sources */,
				A1BD80811E5C9B1B0010038F /* ChartsPresenter.swift in Sources */,
				A1E0607A1E55E67B006D2891 /* GameStep.swift in Sources */,
				A1E060811E55EE07006D2891 /* PlayerView.swift in Sources */,
				A17750121E4CB446004B910E /* PlayersEditorPresenter.swift in Sources */,
				A1F8F74D1E4CA6B200B57DEB /* AppDelegate.swift in Sources */,
				A1FE902E1E65AABD0072315A /* ChartsTableViewCell.swift in Sources */,
				A1BD80831E5C9B250010038F /* ChartsView.swift in Sources */,
				A12D01B01E54868B009BCD9E /* PlayersEditorTableViewCell.swift in Sources */,
				A127FA861E4E0FC1002733AA /* DashboardViewController.swift in Sources */,
			);
			runOnlyForDeploymentPostprocessing = 0;
		};
/* End PBXSourcesBuildPhase section */

/* Begin PBXTargetDependency section */
		A17E20911E6074CB00EA04CB /* PBXTargetDependency */ = {
			isa = PBXTargetDependency;
			target = A1F8F7481E4CA6B200B57DEB /* MunchkinLevelCounter */;
			targetProxy = A17E20901E6074CB00EA04CB /* PBXContainerItemProxy */;
		};
/* End PBXTargetDependency section */

/* Begin PBXVariantGroup section */
		A19A768E1E6CEB65005C691A /* Localizable.strings */ = {
			isa = PBXVariantGroup;
			children = (
				A19A768D1E6CEB65005C691A /* Base */,
				A19A76901E6CEB78005C691A /* ru */,
				A19E3BCF1E9FFEA7007DAE81 /* de */,
				A19E3BD01E9FFF66007DAE81 /* fr */,
				A19E3BD11EA00007007DAE81 /* it */,
				A19E3BD21EA00057007DAE81 /* es */,
				A19E3BD31EA0006F007DAE81 /* nl */,
			);
			name = Localizable.strings;
			sourceTree = "<group>";
		};
		A1F8F7501E4CA6B200B57DEB /* Main.storyboard */ = {
			isa = PBXVariantGroup;
			children = (
				A1F8F7511E4CA6B200B57DEB /* Base */,
			);
			name = Main.storyboard;
			sourceTree = "<group>";
		};
		A1F8F7581E4CA6B200B57DEB /* LaunchScreen.storyboard */ = {
			isa = PBXVariantGroup;
			children = (
				A1F8F7591E4CA6B200B57DEB /* Base */,
			);
			name = LaunchScreen.storyboard;
			sourceTree = "<group>";
		};
/* End PBXVariantGroup section */

/* Begin XCBuildConfiguration section */
		A17E20931E6074CB00EA04CB /* Debug */ = {
			isa = XCBuildConfiguration;
			baseConfigurationReference = DF0D7CDB2BB31B124060FDAE /* Pods-MunchkinLevelCounterTests.debug.xcconfig */;
			buildSettings = {
				BUNDLE_LOADER = "$(TEST_HOST)";
				DEVELOPMENT_TEAM = M5MBYBFCK5;
				INFOPLIST_FILE = MunchkinLevelCounterTests/Info.plist;
				LD_RUNPATH_SEARCH_PATHS = "$(inherited) @executable_path/Frameworks @loader_path/Frameworks";
				PRODUCT_BUNDLE_IDENTIFIER = com.datarockets.MunchkinLevelCounterTests;
				PRODUCT_NAME = "$(TARGET_NAME)";
				SWIFT_VERSION = 3.0;
				TEST_HOST = "$(BUILT_PRODUCTS_DIR)/MunchkinLevelCounter.app/MunchkinLevelCounter";
			};
			name = Debug;
		};
		A17E20941E6074CB00EA04CB /* App Store */ = {
			isa = XCBuildConfiguration;
			baseConfigurationReference = 9083A2A5C71E08EADEBB36E7 /* Pods-MunchkinLevelCounterTests.app store.xcconfig */;
			buildSettings = {
				BUNDLE_LOADER = "$(TEST_HOST)";
				DEVELOPMENT_TEAM = M5MBYBFCK5;
				INFOPLIST_FILE = MunchkinLevelCounterTests/Info.plist;
				LD_RUNPATH_SEARCH_PATHS = "$(inherited) @executable_path/Frameworks @loader_path/Frameworks";
				PRODUCT_BUNDLE_IDENTIFIER = com.datarockets.MunchkinLevelCounterTests;
				PRODUCT_NAME = "$(TARGET_NAME)";
				SWIFT_VERSION = 3.0;
				TEST_HOST = "$(BUILT_PRODUCTS_DIR)/MunchkinLevelCounter.app/MunchkinLevelCounter";
			};
			name = "App Store";
		};
		A18EBB271E699F730069DCC5 /* Ad Hoc */ = {
			isa = XCBuildConfiguration;
			buildSettings = {
				ALWAYS_SEARCH_USER_PATHS = NO;
				CLANG_ANALYZER_LOCALIZABILITY_NONLOCALIZED = YES;
				CLANG_ANALYZER_NONNULL = YES;
				CLANG_CXX_LANGUAGE_STANDARD = "gnu++0x";
				CLANG_CXX_LIBRARY = "libc++";
				CLANG_ENABLE_MODULES = YES;
				CLANG_ENABLE_OBJC_ARC = YES;
				CLANG_WARN_BOOL_CONVERSION = YES;
				CLANG_WARN_CONSTANT_CONVERSION = YES;
				CLANG_WARN_DIRECT_OBJC_ISA_USAGE = YES_ERROR;
				CLANG_WARN_DOCUMENTATION_COMMENTS = YES;
				CLANG_WARN_EMPTY_BODY = YES;
				CLANG_WARN_ENUM_CONVERSION = YES;
				CLANG_WARN_INFINITE_RECURSION = YES;
				CLANG_WARN_INT_CONVERSION = YES;
				CLANG_WARN_OBJC_ROOT_CLASS = YES_ERROR;
				CLANG_WARN_SUSPICIOUS_MOVE = YES;
				CLANG_WARN_UNREACHABLE_CODE = YES;
				CLANG_WARN__DUPLICATE_METHOD_MATCH = YES;
				"CODE_SIGN_IDENTITY[sdk=iphoneos*]" = "iPhone Developer";
				COPY_PHASE_STRIP = NO;
				DEBUG_INFORMATION_FORMAT = "dwarf-with-dsym";
				ENABLE_NS_ASSERTIONS = NO;
				ENABLE_STRICT_OBJC_MSGSEND = YES;
				GCC_C_LANGUAGE_STANDARD = gnu99;
				GCC_NO_COMMON_BLOCKS = YES;
				GCC_WARN_64_TO_32_BIT_CONVERSION = YES;
				GCC_WARN_ABOUT_RETURN_TYPE = YES_ERROR;
				GCC_WARN_UNDECLARED_SELECTOR = YES;
				GCC_WARN_UNINITIALIZED_AUTOS = YES_AGGRESSIVE;
				GCC_WARN_UNUSED_FUNCTION = YES;
				GCC_WARN_UNUSED_VARIABLE = YES;
				IPHONEOS_DEPLOYMENT_TARGET = 10.0;
				MTL_ENABLE_DEBUG_INFO = NO;
				SDKROOT = iphoneos;
				SWIFT_OPTIMIZATION_LEVEL = "-Owholemodule";
				VALIDATE_PRODUCT = YES;
			};
			name = "Ad Hoc";
		};
		A18EBB281E699F730069DCC5 /* Ad Hoc */ = {
			isa = XCBuildConfiguration;
			baseConfigurationReference = 407977610C8921B6EB54369F /* Pods-MunchkinLevelCounter.ad hoc.xcconfig */;
			buildSettings = {
				ALWAYS_EMBED_SWIFT_STANDARD_LIBRARIES = YES;
				ASSETCATALOG_COMPILER_APPICON_NAME = AppIcon;
				CODE_SIGN_IDENTITY = "iPhone Distribution";
				"CODE_SIGN_IDENTITY[sdk=iphoneos*]" = "iPhone Distribution";
				DEFINES_MODULE = YES;
				DEVELOPMENT_TEAM = M5MBYBFCK5;
				INFOPLIST_FILE = "$(SRCROOT)/MunchkinLevelCounter/Info.plist";
				IPHONEOS_DEPLOYMENT_TARGET = 10.0;
				LD_RUNPATH_SEARCH_PATHS = "$(inherited) @executable_path/Frameworks";
				PRODUCT_BUNDLE_IDENTIFIER = com.datarockets.munchkin;
				PRODUCT_NAME = "$(TARGET_NAME)";
				PROVISIONING_PROFILE = "84b7fd86-0bcf-425b-91a8-f0c799bc6f83";
				PROVISIONING_PROFILE_SPECIFIER = "match AdHoc com.datarockets.munchkin";
				SWIFT_VERSION = 3.0;
				TARGETED_DEVICE_FAMILY = 1;
			};
			name = "Ad Hoc";
		};
		A18EBB291E699F730069DCC5 /* Ad Hoc */ = {
			isa = XCBuildConfiguration;
			baseConfigurationReference = CBAC2354BAA805BAA503F815 /* Pods-MunchkinLevelCounterTests.ad hoc.xcconfig */;
			buildSettings = {
				BUNDLE_LOADER = "$(TEST_HOST)";
				DEVELOPMENT_TEAM = M5MBYBFCK5;
				INFOPLIST_FILE = MunchkinLevelCounterTests/Info.plist;
				LD_RUNPATH_SEARCH_PATHS = "$(inherited) @executable_path/Frameworks @loader_path/Frameworks";
				PRODUCT_BUNDLE_IDENTIFIER = com.datarockets.MunchkinLevelCounterTests;
				PRODUCT_NAME = "$(TARGET_NAME)";
				SWIFT_VERSION = 3.0;
				TEST_HOST = "$(BUILT_PRODUCTS_DIR)/MunchkinLevelCounter.app/MunchkinLevelCounter";
			};
			name = "Ad Hoc";
		};
		A1F8F7671E4CA6B200B57DEB /* Debug */ = {
			isa = XCBuildConfiguration;
			buildSettings = {
				ALWAYS_SEARCH_USER_PATHS = NO;
				CLANG_ANALYZER_LOCALIZABILITY_NONLOCALIZED = YES;
				CLANG_ANALYZER_NONNULL = YES;
				CLANG_CXX_LANGUAGE_STANDARD = "gnu++0x";
				CLANG_CXX_LIBRARY = "libc++";
				CLANG_ENABLE_MODULES = YES;
				CLANG_ENABLE_OBJC_ARC = YES;
				CLANG_WARN_BOOL_CONVERSION = YES;
				CLANG_WARN_CONSTANT_CONVERSION = YES;
				CLANG_WARN_DIRECT_OBJC_ISA_USAGE = YES_ERROR;
				CLANG_WARN_DOCUMENTATION_COMMENTS = YES;
				CLANG_WARN_EMPTY_BODY = YES;
				CLANG_WARN_ENUM_CONVERSION = YES;
				CLANG_WARN_INFINITE_RECURSION = YES;
				CLANG_WARN_INT_CONVERSION = YES;
				CLANG_WARN_OBJC_ROOT_CLASS = YES_ERROR;
				CLANG_WARN_SUSPICIOUS_MOVE = YES;
				CLANG_WARN_UNREACHABLE_CODE = YES;
				CLANG_WARN__DUPLICATE_METHOD_MATCH = YES;
				"CODE_SIGN_IDENTITY[sdk=iphoneos*]" = "iPhone Developer";
				COPY_PHASE_STRIP = NO;
				DEBUG_INFORMATION_FORMAT = dwarf;
				ENABLE_STRICT_OBJC_MSGSEND = YES;
				ENABLE_TESTABILITY = YES;
				GCC_C_LANGUAGE_STANDARD = gnu99;
				GCC_DYNAMIC_NO_PIC = NO;
				GCC_NO_COMMON_BLOCKS = YES;
				GCC_OPTIMIZATION_LEVEL = 0;
				GCC_PREPROCESSOR_DEFINITIONS = (
					"DEBUG=1",
					"$(inherited)",
				);
				GCC_WARN_64_TO_32_BIT_CONVERSION = YES;
				GCC_WARN_ABOUT_RETURN_TYPE = YES_ERROR;
				GCC_WARN_UNDECLARED_SELECTOR = YES;
				GCC_WARN_UNINITIALIZED_AUTOS = YES_AGGRESSIVE;
				GCC_WARN_UNUSED_FUNCTION = YES;
				GCC_WARN_UNUSED_VARIABLE = YES;
				IPHONEOS_DEPLOYMENT_TARGET = 10.0;
				MTL_ENABLE_DEBUG_INFO = YES;
				ONLY_ACTIVE_ARCH = YES;
				SDKROOT = iphoneos;
				SWIFT_ACTIVE_COMPILATION_CONDITIONS = DEBUG;
				SWIFT_OPTIMIZATION_LEVEL = "-Onone";
			};
			name = Debug;
		};
		A1F8F7681E4CA6B200B57DEB /* App Store */ = {
			isa = XCBuildConfiguration;
			buildSettings = {
				ALWAYS_SEARCH_USER_PATHS = NO;
				CLANG_ANALYZER_LOCALIZABILITY_NONLOCALIZED = YES;
				CLANG_ANALYZER_NONNULL = YES;
				CLANG_CXX_LANGUAGE_STANDARD = "gnu++0x";
				CLANG_CXX_LIBRARY = "libc++";
				CLANG_ENABLE_MODULES = YES;
				CLANG_ENABLE_OBJC_ARC = YES;
				CLANG_WARN_BOOL_CONVERSION = YES;
				CLANG_WARN_CONSTANT_CONVERSION = YES;
				CLANG_WARN_DIRECT_OBJC_ISA_USAGE = YES_ERROR;
				CLANG_WARN_DOCUMENTATION_COMMENTS = YES;
				CLANG_WARN_EMPTY_BODY = YES;
				CLANG_WARN_ENUM_CONVERSION = YES;
				CLANG_WARN_INFINITE_RECURSION = YES;
				CLANG_WARN_INT_CONVERSION = YES;
				CLANG_WARN_OBJC_ROOT_CLASS = YES_ERROR;
				CLANG_WARN_SUSPICIOUS_MOVE = YES;
				CLANG_WARN_UNREACHABLE_CODE = YES;
				CLANG_WARN__DUPLICATE_METHOD_MATCH = YES;
				"CODE_SIGN_IDENTITY[sdk=iphoneos*]" = "iPhone Developer";
				COPY_PHASE_STRIP = NO;
				DEBUG_INFORMATION_FORMAT = "dwarf-with-dsym";
				ENABLE_NS_ASSERTIONS = NO;
				ENABLE_STRICT_OBJC_MSGSEND = YES;
				GCC_C_LANGUAGE_STANDARD = gnu99;
				GCC_NO_COMMON_BLOCKS = YES;
				GCC_WARN_64_TO_32_BIT_CONVERSION = YES;
				GCC_WARN_ABOUT_RETURN_TYPE = YES_ERROR;
				GCC_WARN_UNDECLARED_SELECTOR = YES;
				GCC_WARN_UNINITIALIZED_AUTOS = YES_AGGRESSIVE;
				GCC_WARN_UNUSED_FUNCTION = YES;
				GCC_WARN_UNUSED_VARIABLE = YES;
				IPHONEOS_DEPLOYMENT_TARGET = 10.0;
				MTL_ENABLE_DEBUG_INFO = NO;
				SDKROOT = iphoneos;
				SWIFT_OPTIMIZATION_LEVEL = "-Owholemodule";
				VALIDATE_PRODUCT = YES;
			};
			name = "App Store";
		};
		A1F8F76A1E4CA6B200B57DEB /* Debug */ = {
			isa = XCBuildConfiguration;
			baseConfigurationReference = A0522E5E71C1DB5DA4A41109 /* Pods-MunchkinLevelCounter.debug.xcconfig */;
			buildSettings = {
				ALWAYS_EMBED_SWIFT_STANDARD_LIBRARIES = YES;
				ASSETCATALOG_COMPILER_APPICON_NAME = AppIcon;
				CODE_SIGN_IDENTITY = "iPhone Developer";
				"CODE_SIGN_IDENTITY[sdk=iphoneos*]" = "iPhone Developer";
				DEFINES_MODULE = YES;
				DEVELOPMENT_TEAM = M5MBYBFCK5;
				INFOPLIST_FILE = "$(SRCROOT)/MunchkinLevelCounter/Info.plist";
				IPHONEOS_DEPLOYMENT_TARGET = 10.0;
				LD_RUNPATH_SEARCH_PATHS = "$(inherited) @executable_path/Frameworks";
				PRODUCT_BUNDLE_IDENTIFIER = com.datarockets.munchkin;
				PRODUCT_NAME = "$(TARGET_NAME)";
				PROVISIONING_PROFILE = "4c5a5519-2b5a-4e6c-b9d3-35f2d8ca7f3f";
				PROVISIONING_PROFILE_SPECIFIER = "match Development com.datarockets.munchkin";
				SWIFT_VERSION = 3.0;
				TARGETED_DEVICE_FAMILY = 1;
			};
			name = Debug;
		};
		A1F8F76B1E4CA6B200B57DEB /* App Store */ = {
			isa = XCBuildConfiguration;
			baseConfigurationReference = 15EAA78869A77B67CCD9A5A9 /* Pods-MunchkinLevelCounter.app store.xcconfig */;
			buildSettings = {
				ALWAYS_EMBED_SWIFT_STANDARD_LIBRARIES = YES;
				ASSETCATALOG_COMPILER_APPICON_NAME = AppIcon;
				CODE_SIGN_IDENTITY = "iPhone Distribution";
				"CODE_SIGN_IDENTITY[sdk=iphoneos*]" = "iPhone Distribution";
				DEFINES_MODULE = YES;
				DEVELOPMENT_TEAM = M5MBYBFCK5;
				INFOPLIST_FILE = "$(SRCROOT)/MunchkinLevelCounter/Info.plist";
				IPHONEOS_DEPLOYMENT_TARGET = 10.0;
				LD_RUNPATH_SEARCH_PATHS = "$(inherited) @executable_path/Frameworks";
				PRODUCT_BUNDLE_IDENTIFIER = com.datarockets.munchkin;
				PRODUCT_NAME = "$(TARGET_NAME)";
				PROVISIONING_PROFILE = "9ffdb0d0-4eb7-4c19-8a77-7d6959d9d62d";
				PROVISIONING_PROFILE_SPECIFIER = "match AppStore com.datarockets.munchkin";
				SWIFT_VERSION = 3.0;
				TARGETED_DEVICE_FAMILY = 1;
			};
			name = "App Store";
		};
/* End XCBuildConfiguration section */

/* Begin XCConfigurationList section */
		A17E20921E6074CB00EA04CB /* Build configuration list for PBXNativeTarget "MunchkinLevelCounterTests" */ = {
			isa = XCConfigurationList;
			buildConfigurations = (
				A17E20931E6074CB00EA04CB /* Debug */,
				A17E20941E6074CB00EA04CB /* App Store */,
				A18EBB291E699F730069DCC5 /* Ad Hoc */,
			);
			defaultConfigurationIsVisible = 0;
			defaultConfigurationName = "App Store";
		};
		A1F8F7441E4CA6B200B57DEB /* Build configuration list for PBXProject "MunchkinLevelCounter" */ = {
			isa = XCConfigurationList;
			buildConfigurations = (
				A1F8F7671E4CA6B200B57DEB /* Debug */,
				A1F8F7681E4CA6B200B57DEB /* App Store */,
				A18EBB271E699F730069DCC5 /* Ad Hoc */,
			);
			defaultConfigurationIsVisible = 0;
			defaultConfigurationName = "App Store";
		};
		A1F8F7691E4CA6B200B57DEB /* Build configuration list for PBXNativeTarget "MunchkinLevelCounter" */ = {
			isa = XCConfigurationList;
			buildConfigurations = (
				A1F8F76A1E4CA6B200B57DEB /* Debug */,
				A1F8F76B1E4CA6B200B57DEB /* App Store */,
				A18EBB281E699F730069DCC5 /* Ad Hoc */,
			);
			defaultConfigurationIsVisible = 0;
			defaultConfigurationName = "App Store";
		};
/* End XCConfigurationList section */

/* Begin XCVersionGroup section */
		A1F8F7531E4CA6B200B57DEB /* Munchkin_Level_Counter.xcdatamodeld */ = {
			isa = XCVersionGroup;
			children = (
				A1D5EE9E1E796D98001416C0 /* Munchkin_Level_Counter 2.xcdatamodel */,
				A1F8F7541E4CA6B200B57DEB /* Munchkin_Level_Counter.xcdatamodel */,
			);
			currentVersion = A1F8F7541E4CA6B200B57DEB /* Munchkin_Level_Counter.xcdatamodel */;
			path = Munchkin_Level_Counter.xcdatamodeld;
			sourceTree = "<group>";
			versionGroupType = wrapper.xcdatamodel;
		};
/* End XCVersionGroup section */
	};
	rootObject = A1F8F7411E4CA6B200B57DEB /* Project object */;
}
