// !$*UTF8*$!
{
	archiveVersion = 1;
	classes = {
	};
	objectVersion = 46;
	objects = {

/* Begin PBXBuildFile section */
		A127FA801E4DC65E002733AA /* OnboardingViewController.swift in Sources */ = {isa = PBXBuildFile; fileRef = A127FA7F1E4DC65E002733AA /* OnboardingViewController.swift */; };
		A127FA821E4DC66A002733AA /* OnboardingPresenter.swift in Sources */ = {isa = PBXBuildFile; fileRef = A127FA811E4DC66A002733AA /* OnboardingPresenter.swift */; };
		A127FA841E4DC67C002733AA /* OnboardingView.swift in Sources */ = {isa = PBXBuildFile; fileRef = A127FA831E4DC67C002733AA /* OnboardingView.swift */; };
		A127FA861E4E0FC1002733AA /* DashboardViewController.swift in Sources */ = {isa = PBXBuildFile; fileRef = A127FA851E4E0FC1002733AA /* DashboardViewController.swift */; };
		A127FA881E4E0FDE002733AA /* DashboardPresenter.swift in Sources */ = {isa = PBXBuildFile; fileRef = A127FA871E4E0FDE002733AA /* DashboardPresenter.swift */; };
		A127FA8A1E4E0FE6002733AA /* DashboardView.swift in Sources */ = {isa = PBXBuildFile; fileRef = A127FA891E4E0FE6002733AA /* DashboardView.swift */; };
		A12D01B01E54868B009BCD9E /* PlayersEditorTableViewCell.swift in Sources */ = {isa = PBXBuildFile; fileRef = A12D01AF1E54868B009BCD9E /* PlayersEditorTableViewCell.swift */; };
		A16725FC1E5F24FB006CF6E8 /* fabric.apikey in Resources */ = {isa = PBXBuildFile; fileRef = A16725FB1E5F24FB006CF6E8 /* fabric.apikey */; };
		A170F6001E5097FA006149D3 /* Player.swift in Sources */ = {isa = PBXBuildFile; fileRef = A170F5FF1E5097FA006149D3 /* Player.swift */; };
		A17750101E4CB432004B910E /* PlayersEditorViewController.swift in Sources */ = {isa = PBXBuildFile; fileRef = A177500F1E4CB432004B910E /* PlayersEditorViewController.swift */; };
		A17750121E4CB446004B910E /* PlayersEditorPresenter.swift in Sources */ = {isa = PBXBuildFile; fileRef = A17750111E4CB446004B910E /* PlayersEditorPresenter.swift */; };
		A17750151E4CB4CF004B910E /* Presenter.swift in Sources */ = {isa = PBXBuildFile; fileRef = A17750141E4CB4CF004B910E /* Presenter.swift */; };
		A17750171E4CB51E004B910E /* BaseView.swift in Sources */ = {isa = PBXBuildFile; fileRef = A17750161E4CB51E004B910E /* BaseView.swift */; };
		A17750191E4CB576004B910E /* PlayersEditorView.swift in Sources */ = {isa = PBXBuildFile; fileRef = A17750181E4CB576004B910E /* PlayersEditorView.swift */; };
		A193D5BF1E645F1B00FD42FD /* Extensions.swift in Sources */ = {isa = PBXBuildFile; fileRef = A193D5BE1E645F1B00FD42FD /* Extensions.swift */; };
		A199C94E1E67B5610051BCCC /* BaseViewController.swift in Sources */ = {isa = PBXBuildFile; fileRef = A199C94D1E67B5610051BCCC /* BaseViewController.swift */; };
		A19A768C1E6CEB65005C691A /* Localizable.strings in Resources */ = {isa = PBXBuildFile; fileRef = A19A768E1E6CEB65005C691A /* Localizable.strings */; };
		A19A76941E6CF078005C691A /* munchkin.ttf in Resources */ = {isa = PBXBuildFile; fileRef = A19A76921E6CF061005C691A /* munchkin.ttf */; };
		A1BD807F1E5C9B090010038F /* ChartsViewController.swift in Sources */ = {isa = PBXBuildFile; fileRef = A1BD807E1E5C9B090010038F /* ChartsViewController.swift */; };
		A1BD80811E5C9B1B0010038F /* ChartsPresenter.swift in Sources */ = {isa = PBXBuildFile; fileRef = A1BD80801E5C9B1B0010038F /* ChartsPresenter.swift */; };
		A1BD80831E5C9B250010038F /* ChartsView.swift in Sources */ = {isa = PBXBuildFile; fileRef = A1BD80821E5C9B250010038F /* ChartsView.swift */; };
		A1E0606F1E55D6A3006D2891 /* DashboardTableViewCell.swift in Sources */ = {isa = PBXBuildFile; fileRef = A1E0606E1E55D6A3006D2891 /* DashboardTableViewCell.swift */; };
		A1E060741E55DD50006D2891 /* GameResultViewController.swift in Sources */ = {isa = PBXBuildFile; fileRef = A1E060731E55DD50006D2891 /* GameResultViewController.swift */; };
		A1E060761E55DD62006D2891 /* GameResultView.swift in Sources */ = {isa = PBXBuildFile; fileRef = A1E060751E55DD62006D2891 /* GameResultView.swift */; };
		A1E060781E55DDC7006D2891 /* GameResultPresenter.swift in Sources */ = {isa = PBXBuildFile; fileRef = A1E060771E55DDC7006D2891 /* GameResultPresenter.swift */; };
		A1E0607A1E55E67B006D2891 /* GameStep.swift in Sources */ = {isa = PBXBuildFile; fileRef = A1E060791E55E67B006D2891 /* GameStep.swift */; };
		A1E0607D1E55EDF1006D2891 /* PlayerViewController.swift in Sources */ = {isa = PBXBuildFile; fileRef = A1E0607C1E55EDF1006D2891 /* PlayerViewController.swift */; };
		A1E0607F1E55EDFD006D2891 /* PlayerPresenter.swift in Sources */ = {isa = PBXBuildFile; fileRef = A1E0607E1E55EDFD006D2891 /* PlayerPresenter.swift */; };
		A1E060811E55EE07006D2891 /* PlayerView.swift in Sources */ = {isa = PBXBuildFile; fileRef = A1E060801E55EE07006D2891 /* PlayerView.swift */; };
		A1EFDB8B1E53419600FEBD76 /* Db.swift in Sources */ = {isa = PBXBuildFile; fileRef = A1EFDB8A1E53419600FEBD76 /* Db.swift */; };
		A1F8F74D1E4CA6B200B57DEB /* AppDelegate.swift in Sources */ = {isa = PBXBuildFile; fileRef = A1F8F74C1E4CA6B200B57DEB /* AppDelegate.swift */; };
		A1F8F7521E4CA6B200B57DEB /* Main.storyboard in Resources */ = {isa = PBXBuildFile; fileRef = A1F8F7501E4CA6B200B57DEB /* Main.storyboard */; };
		A1F8F7551E4CA6B200B57DEB /* Munchkin_Level_Counter.xcdatamodeld in Sources */ = {isa = PBXBuildFile; fileRef = A1F8F7531E4CA6B200B57DEB /* Munchkin_Level_Counter.xcdatamodeld */; };
		A1F8F7571E4CA6B200B57DEB /* Assets.xcassets in Resources */ = {isa = PBXBuildFile; fileRef = A1F8F7561E4CA6B200B57DEB /* Assets.xcassets */; };
		A1F8F75A1E4CA6B200B57DEB /* LaunchScreen.storyboard in Resources */ = {isa = PBXBuildFile; fileRef = A1F8F7581E4CA6B200B57DEB /* LaunchScreen.storyboard */; };
		A1F8F7781E4CA89300B57DEB /* DataManager.swift in Sources */ = {isa = PBXBuildFile; fileRef = A1F8F7771E4CA89300B57DEB /* DataManager.swift */; };
		A1F8F77A1E4CA8C400B57DEB /* DatabaseHelper.swift in Sources */ = {isa = PBXBuildFile; fileRef = A1F8F7791E4CA8C400B57DEB /* DatabaseHelper.swift */; };
		A1F8F77C1E4CAB8B00B57DEB /* PreferencesHelper.swift in Sources */ = {isa = PBXBuildFile; fileRef = A1F8F77B1E4CAB8B00B57DEB /* PreferencesHelper.swift */; };
		A1FE902E1E65AABD0072315A /* ChartsTableViewCell.swift in Sources */ = {isa = PBXBuildFile; fileRef = A1FE902D1E65AABD0072315A /* ChartsTableViewCell.swift */; };
		A1FE90641E66E69E0072315A /* Appearance.swift in Sources */ = {isa = PBXBuildFile; fileRef = A1FE90631E66E69E0072315A /* Appearance.swift */; };
		A1FE90681E67959A0072315A /* Colors.swift in Sources */ = {isa = PBXBuildFile; fileRef = A1FE90671E67959A0072315A /* Colors.swift */; };
		B6FB04689D28DD382BA49FAC /* Pods_MunchkinLevelCounter.framework in Frameworks */ = {isa = PBXBuildFile; fileRef = 208AB9BD1F0B5FD5A739002D /* Pods_MunchkinLevelCounter.framework */; };
		FE08593F1F459F3B005662E2 /* MunchkinLevelCounterUITests.swift in Sources */ = {isa = PBXBuildFile; fileRef = FE08593E1F459F3B005662E2 /* MunchkinLevelCounterUITests.swift */; };
		FE7A372F1F39D805005974F7 /* LoggingPrint.swift in Sources */ = {isa = PBXBuildFile; fileRef = FE7A372E1F39D805005974F7 /* LoggingPrint.swift */; };
		FE86853C1F45AE9C00F6A65A /* SnapshotHelper.swift in Sources */ = {isa = PBXBuildFile; fileRef = FE86853B1F45AE9C00F6A65A /* SnapshotHelper.swift */; };
/* End PBXBuildFile section */

/* Begin PBXContainerItemProxy section */
		FE0859411F459F3B005662E2 /* PBXContainerItemProxy */ = {
			isa = PBXContainerItemProxy;
			containerPortal = A1F8F7411E4CA6B200B57DEB /* Project object */;
			proxyType = 1;
			remoteGlobalIDString = A1F8F7481E4CA6B200B57DEB;
			remoteInfo = MunchkinLevelCounter;
		};
/* End PBXContainerItemProxy section */

/* Begin PBXFileReference section */
		1C65758B9AC53ECB53108C6B /* Pods-MunchkinLevelCounter.app store.xcconfig */ = {isa = PBXFileReference; includeInIndex = 1; lastKnownFileType = text.xcconfig; name = "Pods-MunchkinLevelCounter.app store.xcconfig"; path = "Target Support Files/Pods-MunchkinLevelCounter/Pods-MunchkinLevelCounter.app store.xcconfig"; sourceTree = "<group>"; };
		1F08FBAAB034E7B679ABECDE /* Pods-MunchkinLevelCounter.ad hoc.xcconfig */ = {isa = PBXFileReference; includeInIndex = 1; lastKnownFileType = text.xcconfig; name = "Pods-MunchkinLevelCounter.ad hoc.xcconfig"; path = "Target Support Files/Pods-MunchkinLevelCounter/Pods-MunchkinLevelCounter.ad hoc.xcconfig"; sourceTree = "<group>"; };
		208AB9BD1F0B5FD5A739002D /* Pods_MunchkinLevelCounter.framework */ = {isa = PBXFileReference; explicitFileType = wrapper.framework; includeInIndex = 0; path = Pods_MunchkinLevelCounter.framework; sourceTree = BUILT_PRODUCTS_DIR; };
		A127FA7F1E4DC65E002733AA /* OnboardingViewController.swift */ = {isa = PBXFileReference; fileEncoding = 4; lastKnownFileType = sourcecode.swift; path = OnboardingViewController.swift; sourceTree = "<group>"; };
		A127FA811E4DC66A002733AA /* OnboardingPresenter.swift */ = {isa = PBXFileReference; fileEncoding = 4; lastKnownFileType = sourcecode.swift; path = OnboardingPresenter.swift; sourceTree = "<group>"; };
		A127FA831E4DC67C002733AA /* OnboardingView.swift */ = {isa = PBXFileReference; fileEncoding = 4; lastKnownFileType = sourcecode.swift; path = OnboardingView.swift; sourceTree = "<group>"; };
		A127FA851E4E0FC1002733AA /* DashboardViewController.swift */ = {isa = PBXFileReference; fileEncoding = 4; lastKnownFileType = sourcecode.swift; path = DashboardViewController.swift; sourceTree = "<group>"; };
		A127FA871E4E0FDE002733AA /* DashboardPresenter.swift */ = {isa = PBXFileReference; fileEncoding = 4; lastKnownFileType = sourcecode.swift; path = DashboardPresenter.swift; sourceTree = "<group>"; };
		A127FA891E4E0FE6002733AA /* DashboardView.swift */ = {isa = PBXFileReference; fileEncoding = 4; lastKnownFileType = sourcecode.swift; path = DashboardView.swift; sourceTree = "<group>"; };
		A12D01AF1E54868B009BCD9E /* PlayersEditorTableViewCell.swift */ = {isa = PBXFileReference; fileEncoding = 4; lastKnownFileType = sourcecode.swift; path = PlayersEditorTableViewCell.swift; sourceTree = "<group>"; };
		A16725FB1E5F24FB006CF6E8 /* fabric.apikey */ = {isa = PBXFileReference; fileEncoding = 4; lastKnownFileType = text; path = fabric.apikey; sourceTree = "<group>"; };
		A170F5FF1E5097FA006149D3 /* Player.swift */ = {isa = PBXFileReference; fileEncoding = 4; lastKnownFileType = sourcecode.swift; path = Player.swift; sourceTree = "<group>"; };
		A177500F1E4CB432004B910E /* PlayersEditorViewController.swift */ = {isa = PBXFileReference; fileEncoding = 4; lastKnownFileType = sourcecode.swift; path = PlayersEditorViewController.swift; sourceTree = "<group>"; };
		A17750111E4CB446004B910E /* PlayersEditorPresenter.swift */ = {isa = PBXFileReference; fileEncoding = 4; lastKnownFileType = sourcecode.swift; path = PlayersEditorPresenter.swift; sourceTree = "<group>"; };
		A17750141E4CB4CF004B910E /* Presenter.swift */ = {isa = PBXFileReference; fileEncoding = 4; lastKnownFileType = sourcecode.swift; path = Presenter.swift; sourceTree = "<group>"; };
		A17750161E4CB51E004B910E /* BaseView.swift */ = {isa = PBXFileReference; fileEncoding = 4; lastKnownFileType = sourcecode.swift; path = BaseView.swift; sourceTree = "<group>"; };
		A17750181E4CB576004B910E /* PlayersEditorView.swift */ = {isa = PBXFileReference; fileEncoding = 4; lastKnownFileType = sourcecode.swift; path = PlayersEditorView.swift; sourceTree = "<group>"; };
		A193D5BE1E645F1B00FD42FD /* Extensions.swift */ = {isa = PBXFileReference; fileEncoding = 4; lastKnownFileType = sourcecode.swift; path = Extensions.swift; sourceTree = "<group>"; };
		A199C94D1E67B5610051BCCC /* BaseViewController.swift */ = {isa = PBXFileReference; fileEncoding = 4; lastKnownFileType = sourcecode.swift; path = BaseViewController.swift; sourceTree = "<group>"; };
		A19A768D1E6CEB65005C691A /* Base */ = {isa = PBXFileReference; lastKnownFileType = text.plist.strings; name = Base; path = Base.lproj/Localizable.strings; sourceTree = "<group>"; };
		A19A76901E6CEB78005C691A /* ru */ = {isa = PBXFileReference; lastKnownFileType = text.plist.strings; name = ru; path = ru.lproj/Localizable.strings; sourceTree = "<group>"; };
		A19A76921E6CF061005C691A /* munchkin.ttf */ = {isa = PBXFileReference; lastKnownFileType = file; path = munchkin.ttf; sourceTree = "<group>"; };
		A19E3BCF1E9FFEA7007DAE81 /* de */ = {isa = PBXFileReference; lastKnownFileType = text.plist.strings; name = de; path = de.lproj/Localizable.strings; sourceTree = "<group>"; };
		A19E3BD01E9FFF66007DAE81 /* fr */ = {isa = PBXFileReference; lastKnownFileType = text.plist.strings; name = fr; path = fr.lproj/Localizable.strings; sourceTree = "<group>"; };
		A19E3BD11EA00007007DAE81 /* it */ = {isa = PBXFileReference; lastKnownFileType = text.plist.strings; name = it; path = it.lproj/Localizable.strings; sourceTree = "<group>"; };
		A19E3BD21EA00057007DAE81 /* es */ = {isa = PBXFileReference; lastKnownFileType = text.plist.strings; name = es; path = es.lproj/Localizable.strings; sourceTree = "<group>"; };
		A19E3BD31EA0006F007DAE81 /* nl */ = {isa = PBXFileReference; lastKnownFileType = text.plist.strings; name = nl; path = nl.lproj/Localizable.strings; sourceTree = "<group>"; };
		A1BD807E1E5C9B090010038F /* ChartsViewController.swift */ = {isa = PBXFileReference; fileEncoding = 4; lastKnownFileType = sourcecode.swift; path = ChartsViewController.swift; sourceTree = "<group>"; };
		A1BD80801E5C9B1B0010038F /* ChartsPresenter.swift */ = {isa = PBXFileReference; fileEncoding = 4; lastKnownFileType = sourcecode.swift; path = ChartsPresenter.swift; sourceTree = "<group>"; };
		A1BD80821E5C9B250010038F /* ChartsView.swift */ = {isa = PBXFileReference; fileEncoding = 4; lastKnownFileType = sourcecode.swift; path = ChartsView.swift; sourceTree = "<group>"; };
		A1D5EE9E1E796D98001416C0 /* Munchkin_Level_Counter 2.xcdatamodel */ = {isa = PBXFileReference; lastKnownFileType = wrapper.xcdatamodel; path = "Munchkin_Level_Counter 2.xcdatamodel"; sourceTree = "<group>"; };
		A1E0606E1E55D6A3006D2891 /* DashboardTableViewCell.swift */ = {isa = PBXFileReference; fileEncoding = 4; lastKnownFileType = sourcecode.swift; path = DashboardTableViewCell.swift; sourceTree = "<group>"; };
		A1E060731E55DD50006D2891 /* GameResultViewController.swift */ = {isa = PBXFileReference; fileEncoding = 4; lastKnownFileType = sourcecode.swift; path = GameResultViewController.swift; sourceTree = "<group>"; };
		A1E060751E55DD62006D2891 /* GameResultView.swift */ = {isa = PBXFileReference; fileEncoding = 4; lastKnownFileType = sourcecode.swift; path = GameResultView.swift; sourceTree = "<group>"; };
		A1E060771E55DDC7006D2891 /* GameResultPresenter.swift */ = {isa = PBXFileReference; fileEncoding = 4; lastKnownFileType = sourcecode.swift; path = GameResultPresenter.swift; sourceTree = "<group>"; };
		A1E060791E55E67B006D2891 /* GameStep.swift */ = {isa = PBXFileReference; fileEncoding = 4; lastKnownFileType = sourcecode.swift; path = GameStep.swift; sourceTree = "<group>"; };
		A1E0607C1E55EDF1006D2891 /* PlayerViewController.swift */ = {isa = PBXFileReference; fileEncoding = 4; lastKnownFileType = sourcecode.swift; path = PlayerViewController.swift; sourceTree = "<group>"; };
		A1E0607E1E55EDFD006D2891 /* PlayerPresenter.swift */ = {isa = PBXFileReference; fileEncoding = 4; lastKnownFileType = sourcecode.swift; path = PlayerPresenter.swift; sourceTree = "<group>"; };
		A1E060801E55EE07006D2891 /* PlayerView.swift */ = {isa = PBXFileReference; fileEncoding = 4; lastKnownFileType = sourcecode.swift; path = PlayerView.swift; sourceTree = "<group>"; };
		A1EFDB8A1E53419600FEBD76 /* Db.swift */ = {isa = PBXFileReference; fileEncoding = 4; lastKnownFileType = sourcecode.swift; path = Db.swift; sourceTree = "<group>"; };
		A1F8F7491E4CA6B200B57DEB /* MunchkinLevelCounter.app */ = {isa = PBXFileReference; explicitFileType = wrapper.application; includeInIndex = 0; path = MunchkinLevelCounter.app; sourceTree = BUILT_PRODUCTS_DIR; };
		A1F8F74C1E4CA6B200B57DEB /* AppDelegate.swift */ = {isa = PBXFileReference; lastKnownFileType = sourcecode.swift; path = AppDelegate.swift; sourceTree = "<group>"; wrapsLines = 0; };
		A1F8F7511E4CA6B200B57DEB /* Base */ = {isa = PBXFileReference; lastKnownFileType = file.storyboard; name = Base; path = Base.lproj/Main.storyboard; sourceTree = "<group>"; };
		A1F8F7541E4CA6B200B57DEB /* Munchkin_Level_Counter.xcdatamodel */ = {isa = PBXFileReference; lastKnownFileType = wrapper.xcdatamodel; path = Munchkin_Level_Counter.xcdatamodel; sourceTree = "<group>"; };
		A1F8F7561E4CA6B200B57DEB /* Assets.xcassets */ = {isa = PBXFileReference; lastKnownFileType = folder.assetcatalog; path = Assets.xcassets; sourceTree = "<group>"; };
		A1F8F7591E4CA6B200B57DEB /* Base */ = {isa = PBXFileReference; lastKnownFileType = file.storyboard; name = Base; path = Base.lproj/LaunchScreen.storyboard; sourceTree = "<group>"; };
		A1F8F75B1E4CA6B200B57DEB /* Info.plist */ = {isa = PBXFileReference; lastKnownFileType = text.plist.xml; path = Info.plist; sourceTree = "<group>"; };
		A1F8F7771E4CA89300B57DEB /* DataManager.swift */ = {isa = PBXFileReference; fileEncoding = 4; lastKnownFileType = sourcecode.swift; path = DataManager.swift; sourceTree = "<group>"; };
		A1F8F7791E4CA8C400B57DEB /* DatabaseHelper.swift */ = {isa = PBXFileReference; fileEncoding = 4; lastKnownFileType = sourcecode.swift; path = DatabaseHelper.swift; sourceTree = "<group>"; };
		A1F8F77B1E4CAB8B00B57DEB /* PreferencesHelper.swift */ = {isa = PBXFileReference; fileEncoding = 4; lastKnownFileType = sourcecode.swift; path = PreferencesHelper.swift; sourceTree = "<group>"; };
		A1FE902D1E65AABD0072315A /* ChartsTableViewCell.swift */ = {isa = PBXFileReference; fileEncoding = 4; lastKnownFileType = sourcecode.swift; path = ChartsTableViewCell.swift; sourceTree = "<group>"; };
		A1FE90631E66E69E0072315A /* Appearance.swift */ = {isa = PBXFileReference; fileEncoding = 4; lastKnownFileType = sourcecode.swift; path = Appearance.swift; sourceTree = "<group>"; };
		A1FE90671E67959A0072315A /* Colors.swift */ = {isa = PBXFileReference; fileEncoding = 4; lastKnownFileType = sourcecode.swift; path = Colors.swift; sourceTree = "<group>"; };
		D3DF69A53496941246D6DA93 /* Pods-MunchkinLevelCounter.debug.xcconfig */ = {isa = PBXFileReference; includeInIndex = 1; lastKnownFileType = text.xcconfig; name = "Pods-MunchkinLevelCounter.debug.xcconfig"; path = "Target Support Files/Pods-MunchkinLevelCounter/Pods-MunchkinLevelCounter.debug.xcconfig"; sourceTree = "<group>"; };
		FE08593C1F459F3B005662E2 /* MunchkinLevelCounterUITests.xctest */ = {isa = PBXFileReference; explicitFileType = wrapper.cfbundle; includeInIndex = 0; path = MunchkinLevelCounterUITests.xctest; sourceTree = BUILT_PRODUCTS_DIR; };
		FE08593E1F459F3B005662E2 /* MunchkinLevelCounterUITests.swift */ = {isa = PBXFileReference; lastKnownFileType = sourcecode.swift; path = MunchkinLevelCounterUITests.swift; sourceTree = "<group>"; };
		FE0859401F459F3B005662E2 /* Info.plist */ = {isa = PBXFileReference; lastKnownFileType = text.plist.xml; path = Info.plist; sourceTree = "<group>"; };
		FE7A372E1F39D805005974F7 /* LoggingPrint.swift */ = {isa = PBXFileReference; fileEncoding = 4; lastKnownFileType = sourcecode.swift; path = LoggingPrint.swift; sourceTree = "<group>"; };
		FE86853B1F45AE9C00F6A65A /* SnapshotHelper.swift */ = {isa = PBXFileReference; fileEncoding = 4; lastKnownFileType = sourcecode.swift; path = SnapshotHelper.swift; sourceTree = "<group>"; };
/* End PBXFileReference section */

/* Begin PBXFrameworksBuildPhase section */
		A1F8F7461E4CA6B200B57DEB /* Frameworks */ = {
			isa = PBXFrameworksBuildPhase;
			buildActionMask = 2147483647;
			files = (
				B6FB04689D28DD382BA49FAC /* Pods_MunchkinLevelCounter.framework in Frameworks */,
			);
			runOnlyForDeploymentPostprocessing = 0;
		};
		FE0859391F459F3B005662E2 /* Frameworks */ = {
			isa = PBXFrameworksBuildPhase;
			buildActionMask = 2147483647;
			files = (
			);
			runOnlyForDeploymentPostprocessing = 0;
		};
/* End PBXFrameworksBuildPhase section */

/* Begin PBXGroup section */
		5447757963572DF043F50197 /* Frameworks */ = {
			isa = PBXGroup;
			children = (
				208AB9BD1F0B5FD5A739002D /* Pods_MunchkinLevelCounter.framework */,
			);
			name = Frameworks;
			sourceTree = "<group>";
		};
		588FB58D265DB7DC1A8FBF6D /* Pods */ = {
			isa = PBXGroup;
			children = (
				D3DF69A53496941246D6DA93 /* Pods-MunchkinLevelCounter.debug.xcconfig */,
				1C65758B9AC53ECB53108C6B /* Pods-MunchkinLevelCounter.app store.xcconfig */,
				1F08FBAAB034E7B679ABECDE /* Pods-MunchkinLevelCounter.ad hoc.xcconfig */,
			);
			path = Pods;
			sourceTree = "<group>";
		};
		A127FA7D1E4DC5FA002733AA /* Dashboard */ = {
			isa = PBXGroup;
			children = (
				A127FA851E4E0FC1002733AA /* DashboardViewController.swift */,
				A127FA871E4E0FDE002733AA /* DashboardPresenter.swift */,
				A127FA891E4E0FE6002733AA /* DashboardView.swift */,
				A1E0606E1E55D6A3006D2891 /* DashboardTableViewCell.swift */,
			);
			path = Dashboard;
			sourceTree = "<group>";
		};
		A127FA7E1E4DC625002733AA /* Onboarding */ = {
			isa = PBXGroup;
			children = (
				A127FA7F1E4DC65E002733AA /* OnboardingViewController.swift */,
				A127FA811E4DC66A002733AA /* OnboardingPresenter.swift */,
				A127FA831E4DC67C002733AA /* OnboardingView.swift */,
			);
			path = Onboarding;
			sourceTree = "<group>";
		};
		A177500C1E4CB3C6004B910E /* Players Editor */ = {
			isa = PBXGroup;
			children = (
				A177500F1E4CB432004B910E /* PlayersEditorViewController.swift */,
				A17750111E4CB446004B910E /* PlayersEditorPresenter.swift */,
				A17750181E4CB576004B910E /* PlayersEditorView.swift */,
				A12D01AF1E54868B009BCD9E /* PlayersEditorTableViewCell.swift */,
			);
			path = "Players Editor";
			sourceTree = "<group>";
		};
		A17750131E4CB4B6004B910E /* Base */ = {
			isa = PBXGroup;
			children = (
				A17750141E4CB4CF004B910E /* Presenter.swift */,
				A17750161E4CB51E004B910E /* BaseView.swift */,
				A199C94D1E67B5610051BCCC /* BaseViewController.swift */,
			);
			path = Base;
			sourceTree = "<group>";
		};
		A193D5BD1E645F0300FD42FD /* Util */ = {
			isa = PBXGroup;
			children = (
				A193D5BE1E645F1B00FD42FD /* Extensions.swift */,
				A1FE90631E66E69E0072315A /* Appearance.swift */,
				A1FE90671E67959A0072315A /* Colors.swift */,
				FE7A372E1F39D805005974F7 /* LoggingPrint.swift */,
			);
			path = Util;
			sourceTree = "<group>";
		};
		A19A76911E6CEFFC005C691A /* Resources */ = {
			isa = PBXGroup;
			children = (
				A1E4F77B1E70111400C15792 /* Fonts */,
			);
			path = Resources;
			sourceTree = "<group>";
		};
		A1BD807D1E5C9AEB0010038F /* Charts */ = {
			isa = PBXGroup;
			children = (
				A1BD807E1E5C9B090010038F /* ChartsViewController.swift */,
				A1BD80801E5C9B1B0010038F /* ChartsPresenter.swift */,
				A1BD80821E5C9B250010038F /* ChartsView.swift */,
				A1FE902D1E65AABD0072315A /* ChartsTableViewCell.swift */,
			);
			path = Charts;
			sourceTree = "<group>";
		};
		A1E060721E55DD0C006D2891 /* Game Result */ = {
			isa = PBXGroup;
			children = (
				A1E060731E55DD50006D2891 /* GameResultViewController.swift */,
				A1E060751E55DD62006D2891 /* GameResultView.swift */,
				A1E060771E55DDC7006D2891 /* GameResultPresenter.swift */,
			);
			path = "Game Result";
			sourceTree = "<group>";
		};
		A1E0607B1E55EDDF006D2891 /* Player */ = {
			isa = PBXGroup;
			children = (
				A1E0607C1E55EDF1006D2891 /* PlayerViewController.swift */,
				A1E0607E1E55EDFD006D2891 /* PlayerPresenter.swift */,
				A1E060801E55EE07006D2891 /* PlayerView.swift */,
			);
			path = Player;
			sourceTree = "<group>";
		};
		A1E4F77B1E70111400C15792 /* Fonts */ = {
			isa = PBXGroup;
			children = (
				A19A76921E6CF061005C691A /* munchkin.ttf */,
			);
			path = Fonts;
			sourceTree = "<group>";
		};
		A1F8F7401E4CA6B200B57DEB = {
			isa = PBXGroup;
			children = (
				A16725FB1E5F24FB006CF6E8 /* fabric.apikey */,
				A1F8F74B1E4CA6B200B57DEB /* MunchkinLevelCounter */,
				FE08593D1F459F3B005662E2 /* MunchkinLevelCounterUITests */,
				A1F8F74A1E4CA6B200B57DEB /* Products */,
				588FB58D265DB7DC1A8FBF6D /* Pods */,
				5447757963572DF043F50197 /* Frameworks */,
			);
			sourceTree = "<group>";
		};
		A1F8F74A1E4CA6B200B57DEB /* Products */ = {
			isa = PBXGroup;
			children = (
				A1F8F7491E4CA6B200B57DEB /* MunchkinLevelCounter.app */,
				FE08593C1F459F3B005662E2 /* MunchkinLevelCounterUITests.xctest */,
			);
			name = Products;
			sourceTree = "<group>";
		};
		A1F8F74B1E4CA6B200B57DEB /* MunchkinLevelCounter */ = {
			isa = PBXGroup;
			children = (
				A19A76911E6CEFFC005C691A /* Resources */,
				A1F8F7701E4CA7BE00B57DEB /* Data */,
				A1F8F76F1E4CA7AD00B57DEB /* UI */,
				A193D5BD1E645F0300FD42FD /* Util */,
				A1F8F74C1E4CA6B200B57DEB /* AppDelegate.swift */,
				A1F8F7501E4CA6B200B57DEB /* Main.storyboard */,
				A19A768E1E6CEB65005C691A /* Localizable.strings */,
				A1F8F7561E4CA6B200B57DEB /* Assets.xcassets */,
				A1F8F7581E4CA6B200B57DEB /* LaunchScreen.storyboard */,
				A1F8F75B1E4CA6B200B57DEB /* Info.plist */,
				A1F8F7531E4CA6B200B57DEB /* Munchkin_Level_Counter.xcdatamodeld */,
			);
			path = MunchkinLevelCounter;
			sourceTree = "<group>";
		};
		A1F8F76F1E4CA7AD00B57DEB /* UI */ = {
			isa = PBXGroup;
			children = (
				A1BD807D1E5C9AEB0010038F /* Charts */,
				A1E0607B1E55EDDF006D2891 /* Player */,
				A1E060721E55DD0C006D2891 /* Game Result */,
				A127FA7E1E4DC625002733AA /* Onboarding */,
				A127FA7D1E4DC5FA002733AA /* Dashboard */,
				A17750131E4CB4B6004B910E /* Base */,
				A177500C1E4CB3C6004B910E /* Players Editor */,
			);
			path = UI;
			sourceTree = "<group>";
		};
		A1F8F7701E4CA7BE00B57DEB /* Data */ = {
			isa = PBXGroup;
			children = (
				A1F8F7741E4CA7DB00B57DEB /* Model */,
				A1F8F7711E4CA7C600B57DEB /* Local */,
				A1F8F7771E4CA89300B57DEB /* DataManager.swift */,
			);
			path = Data;
			sourceTree = "<group>";
		};
		A1F8F7711E4CA7C600B57DEB /* Local */ = {
			isa = PBXGroup;
			children = (
				A1F8F7791E4CA8C400B57DEB /* DatabaseHelper.swift */,
				A1F8F77B1E4CAB8B00B57DEB /* PreferencesHelper.swift */,
				A1EFDB8A1E53419600FEBD76 /* Db.swift */,
			);
			path = Local;
			sourceTree = "<group>";
		};
		A1F8F7741E4CA7DB00B57DEB /* Model */ = {
			isa = PBXGroup;
			children = (
				A170F5FF1E5097FA006149D3 /* Player.swift */,
				A1E060791E55E67B006D2891 /* GameStep.swift */,
			);
			path = Model;
			sourceTree = "<group>";
		};
		FE08593D1F459F3B005662E2 /* MunchkinLevelCounterUITests */ = {
			isa = PBXGroup;
			children = (
				FE08593E1F459F3B005662E2 /* MunchkinLevelCounterUITests.swift */,
				FE0859401F459F3B005662E2 /* Info.plist */,
				FE86853B1F45AE9C00F6A65A /* SnapshotHelper.swift */,
			);
			path = MunchkinLevelCounterUITests;
			sourceTree = "<group>";
		};
/* End PBXGroup section */

/* Begin PBXNativeTarget section */
		A1F8F7481E4CA6B200B57DEB /* MunchkinLevelCounter */ = {
			isa = PBXNativeTarget;
			buildConfigurationList = A1F8F7691E4CA6B200B57DEB /* Build configuration list for PBXNativeTarget "MunchkinLevelCounter" */;
			buildPhases = (
				16F0EE01130C50BFAC273F77 /* [CP] Check Pods Manifest.lock */,
				A1F8F7451E4CA6B200B57DEB /* Sources */,
				A1F8F7461E4CA6B200B57DEB /* Frameworks */,
				A1DA49E21E685C94003FF1CF /* ShellScript */,
				A1F8F7471E4CA6B200B57DEB /* Resources */,
				A14D0B201E5B3240008221F4 /* ShellScript */,
				2AE8010E4DB135D4FEB93378 /* [CP] Embed Pods Frameworks */,
			);
			buildRules = (
			);
			dependencies = (
			);
			name = MunchkinLevelCounter;
			productName = "Munchkin Level Counter";
			productReference = A1F8F7491E4CA6B200B57DEB /* MunchkinLevelCounter.app */;
			productType = "com.apple.product-type.application";
		};
		FE08593B1F459F3B005662E2 /* MunchkinLevelCounterUITests */ = {
			isa = PBXNativeTarget;
			buildConfigurationList = FE0859431F459F3C005662E2 /* Build configuration list for PBXNativeTarget "MunchkinLevelCounterUITests" */;
			buildPhases = (
				FE0859381F459F3B005662E2 /* Sources */,
				FE0859391F459F3B005662E2 /* Frameworks */,
				FE08593A1F459F3B005662E2 /* Resources */,
			);
			buildRules = (
			);
			dependencies = (
				FE0859421F459F3B005662E2 /* PBXTargetDependency */,
			);
			name = MunchkinLevelCounterUITests;
			productName = MunchkinLevelCounterUITests;
			productReference = FE08593C1F459F3B005662E2 /* MunchkinLevelCounterUITests.xctest */;
			productType = "com.apple.product-type.bundle.ui-testing";
		};
/* End PBXNativeTarget section */

/* Begin PBXProject section */
		A1F8F7411E4CA6B200B57DEB /* Project object */ = {
			isa = PBXProject;
			attributes = {
				LastSwiftUpdateCheck = 0830;
				LastUpgradeCheck = 1130;
				ORGANIZATIONNAME = datarockets;
				TargetAttributes = {
					A1F8F7481E4CA6B200B57DEB = {
						CreatedOnToolsVersion = 8.2.1;
						DevelopmentTeam = M5MBYBFCK5;
						ProvisioningStyle = Manual;
					};
					FE08593B1F459F3B005662E2 = {
						CreatedOnToolsVersion = 8.3.3;
						ProvisioningStyle = Manual;
						TestTargetID = A1F8F7481E4CA6B200B57DEB;
					};
				};
			};
			buildConfigurationList = A1F8F7441E4CA6B200B57DEB /* Build configuration list for PBXProject "MunchkinLevelCounter" */;
			compatibilityVersion = "Xcode 3.2";
			developmentRegion = English;
			hasScannedForEncodings = 0;
			knownRegions = (
				English,
				en,
				Base,
				ru,
				de,
				fr,
				it,
				es,
				nl,
			);
			mainGroup = A1F8F7401E4CA6B200B57DEB;
			productRefGroup = A1F8F74A1E4CA6B200B57DEB /* Products */;
			projectDirPath = "";
			projectRoot = "";
			targets = (
				A1F8F7481E4CA6B200B57DEB /* MunchkinLevelCounter */,
				FE08593B1F459F3B005662E2 /* MunchkinLevelCounterUITests */,
			);
		};
/* End PBXProject section */

/* Begin PBXResourcesBuildPhase section */
		A1F8F7471E4CA6B200B57DEB /* Resources */ = {
			isa = PBXResourcesBuildPhase;
			buildActionMask = 2147483647;
			files = (
				A19A768C1E6CEB65005C691A /* Localizable.strings in Resources */,
				A1F8F75A1E4CA6B200B57DEB /* LaunchScreen.storyboard in Resources */,
				A1F8F7571E4CA6B200B57DEB /* Assets.xcassets in Resources */,
				A19A76941E6CF078005C691A /* munchkin.ttf in Resources */,
				A16725FC1E5F24FB006CF6E8 /* fabric.apikey in Resources */,
				A1F8F7521E4CA6B200B57DEB /* Main.storyboard in Resources */,
			);
			runOnlyForDeploymentPostprocessing = 0;
		};
		FE08593A1F459F3B005662E2 /* Resources */ = {
			isa = PBXResourcesBuildPhase;
			buildActionMask = 2147483647;
			files = (
			);
			runOnlyForDeploymentPostprocessing = 0;
		};
/* End PBXResourcesBuildPhase section */

/* Begin PBXShellScriptBuildPhase section */
		16F0EE01130C50BFAC273F77 /* [CP] Check Pods Manifest.lock */ = {
			isa = PBXShellScriptBuildPhase;
			buildActionMask = 2147483647;
			files = (
			);
			inputFileListPaths = (
			);
			inputPaths = (
				"${PODS_PODFILE_DIR_PATH}/Podfile.lock",
				"${PODS_ROOT}/Manifest.lock",
			);
			name = "[CP] Check Pods Manifest.lock";
			outputFileListPaths = (
			);
			outputPaths = (
				"$(DERIVED_FILE_DIR)/Pods-MunchkinLevelCounter-checkManifestLockResult.txt",
			);
			runOnlyForDeploymentPostprocessing = 0;
			shellPath = /bin/sh;
			shellScript = "diff \"${PODS_PODFILE_DIR_PATH}/Podfile.lock\" \"${PODS_ROOT}/Manifest.lock\" > /dev/null\nif [ $? != 0 ] ; then\n    # print error to STDERR\n    echo \"error: The sandbox is not in sync with the Podfile.lock. Run 'pod install' or update your CocoaPods installation.\" >&2\n    exit 1\nfi\n# This output is used by Xcode 'outputs' to avoid re-running this script phase.\necho \"SUCCESS\" > \"${SCRIPT_OUTPUT_FILE_0}\"\n";
			showEnvVarsInLog = 0;
		};
		2AE8010E4DB135D4FEB93378 /* [CP] Embed Pods Frameworks */ = {
			isa = PBXShellScriptBuildPhase;
			buildActionMask = 2147483647;
			files = (
			);
			inputPaths = (
				"${PODS_ROOT}/Target Support Files/Pods-MunchkinLevelCounter/Pods-MunchkinLevelCounter-frameworks.sh",
				"${BUILT_PRODUCTS_DIR}/Charts/Charts.framework",
				"${BUILT_PRODUCTS_DIR}/EAIntroView/EAIntroView.framework",
				"${BUILT_PRODUCTS_DIR}/EARestrictedScrollView/EARestrictedScrollView.framework",
				"${BUILT_PRODUCTS_DIR}/MagicalRecord/MagicalRecord.framework",
				"${BUILT_PRODUCTS_DIR}/RxSwift/RxSwift.framework",
				"${BUILT_PRODUCTS_DIR}/Swinject/Swinject.framework",
				"${BUILT_PRODUCTS_DIR}/SwinjectStoryboard/SwinjectStoryboard.framework",
				"${BUILT_PRODUCTS_DIR}/UIImageView-Letters/UIImageView_Letters.framework",
			);
			name = "[CP] Embed Pods Frameworks";
			outputPaths = (
				"${TARGET_BUILD_DIR}/${FRAMEWORKS_FOLDER_PATH}/Charts.framework",
				"${TARGET_BUILD_DIR}/${FRAMEWORKS_FOLDER_PATH}/EAIntroView.framework",
				"${TARGET_BUILD_DIR}/${FRAMEWORKS_FOLDER_PATH}/EARestrictedScrollView.framework",
				"${TARGET_BUILD_DIR}/${FRAMEWORKS_FOLDER_PATH}/MagicalRecord.framework",
				"${TARGET_BUILD_DIR}/${FRAMEWORKS_FOLDER_PATH}/RxSwift.framework",
				"${TARGET_BUILD_DIR}/${FRAMEWORKS_FOLDER_PATH}/Swinject.framework",
				"${TARGET_BUILD_DIR}/${FRAMEWORKS_FOLDER_PATH}/SwinjectStoryboard.framework",
				"${TARGET_BUILD_DIR}/${FRAMEWORKS_FOLDER_PATH}/UIImageView_Letters.framework",
			);
			runOnlyForDeploymentPostprocessing = 0;
			shellPath = /bin/sh;
			shellScript = "\"${PODS_ROOT}/Target Support Files/Pods-MunchkinLevelCounter/Pods-MunchkinLevelCounter-frameworks.sh\"\n";
			showEnvVarsInLog = 0;
		};
		A14D0B201E5B3240008221F4 /* ShellScript */ = {
			isa = PBXShellScriptBuildPhase;
			buildActionMask = 2147483647;
			files = (
			);
			inputPaths = (
			);
			outputPaths = (
			);
			runOnlyForDeploymentPostprocessing = 0;
			shellPath = /bin/sh;
			shellScript = "FABRIC_APIKEY=$(cat ${SRCROOT}/fabric.apikey)\nFABRIC_BUILDSECRET=$(cat ${SRCROOT}/fabric.buildsecret)\n\"${PODS_ROOT}/Fabric/run\" ${FABRIC_APIKEY} ${FABRIC_BUILDSECRET}\n\"${PODS_ROOT}/SwiftLint/swiftlint\"\n";
		};
		A1DA49E21E685C94003FF1CF /* ShellScript */ = {
			isa = PBXShellScriptBuildPhase;
			buildActionMask = 2147483647;
			files = (
			);
			inputPaths = (
			);
			outputPaths = (
			);
			runOnlyForDeploymentPostprocessing = 0;
			shellPath = /bin/sh;
			shellScript = "if which swiftlint >/dev/null; then\n    swiftlint\nelse\n    echo \"warning: SwiftLint not installed, download from https://github.com/realm/SwiftLint\"\nfi\n";
		};
/* End PBXShellScriptBuildPhase section */

/* Begin PBXSourcesBuildPhase section */
		A1F8F7451E4CA6B200B57DEB /* Sources */ = {
			isa = PBXSourcesBuildPhase;
			buildActionMask = 2147483647;
			files = (
				A127FA801E4DC65E002733AA /* OnboardingViewController.swift in Sources */,
				A17750151E4CB4CF004B910E /* Presenter.swift in Sources */,
				A127FA881E4E0FDE002733AA /* DashboardPresenter.swift in Sources */,
				A1FE90681E67959A0072315A /* Colors.swift in Sources */,
				A17750101E4CB432004B910E /* PlayersEditorViewController.swift in Sources */,
				A199C94E1E67B5610051BCCC /* BaseViewController.swift in Sources */,
				A127FA841E4DC67C002733AA /* OnboardingView.swift in Sources */,
				A1E0606F1E55D6A3006D2891 /* DashboardTableViewCell.swift in Sources */,
				A1E0607F1E55EDFD006D2891 /* PlayerPresenter.swift in Sources */,
				A1FE90641E66E69E0072315A /* Appearance.swift in Sources */,
				A1E0607D1E55EDF1006D2891 /* PlayerViewController.swift in Sources */,
				A1F8F77C1E4CAB8B00B57DEB /* PreferencesHelper.swift in Sources */,
				A1F8F7551E4CA6B200B57DEB /* Munchkin_Level_Counter.xcdatamodeld in Sources */,
				A170F6001E5097FA006149D3 /* Player.swift in Sources */,
				A193D5BF1E645F1B00FD42FD /* Extensions.swift in Sources */,
				A127FA821E4DC66A002733AA /* OnboardingPresenter.swift in Sources */,
				A1BD807F1E5C9B090010038F /* ChartsViewController.swift in Sources */,
				A1F8F77A1E4CA8C400B57DEB /* DatabaseHelper.swift in Sources */,
				A1F8F7781E4CA89300B57DEB /* DataManager.swift in Sources */,
				A1E060781E55DDC7006D2891 /* GameResultPresenter.swift in Sources */,
				A1E060761E55DD62006D2891 /* GameResultView.swift in Sources */,
				A1E060741E55DD50006D2891 /* GameResultViewController.swift in Sources */,
				A17750191E4CB576004B910E /* PlayersEditorView.swift in Sources */,
				A1EFDB8B1E53419600FEBD76 /* Db.swift in Sources */,
				A17750171E4CB51E004B910E /* BaseView.swift in Sources */,
				A127FA8A1E4E0FE6002733AA /* DashboardView.swift in Sources */,
				A1BD80811E5C9B1B0010038F /* ChartsPresenter.swift in Sources */,
				A1E0607A1E55E67B006D2891 /* GameStep.swift in Sources */,
				A1E060811E55EE07006D2891 /* PlayerView.swift in Sources */,
				FE7A372F1F39D805005974F7 /* LoggingPrint.swift in Sources */,
				A17750121E4CB446004B910E /* PlayersEditorPresenter.swift in Sources */,
				A1F8F74D1E4CA6B200B57DEB /* AppDelegate.swift in Sources */,
				A1FE902E1E65AABD0072315A /* ChartsTableViewCell.swift in Sources */,
				A1BD80831E5C9B250010038F /* ChartsView.swift in Sources */,
				A12D01B01E54868B009BCD9E /* PlayersEditorTableViewCell.swift in Sources */,
				A127FA861E4E0FC1002733AA /* DashboardViewController.swift in Sources */,
			);
			runOnlyForDeploymentPostprocessing = 0;
		};
		FE0859381F459F3B005662E2 /* Sources */ = {
			isa = PBXSourcesBuildPhase;
			buildActionMask = 2147483647;
			files = (
				FE08593F1F459F3B005662E2 /* MunchkinLevelCounterUITests.swift in Sources */,
				FE86853C1F45AE9C00F6A65A /* SnapshotHelper.swift in Sources */,
			);
			runOnlyForDeploymentPostprocessing = 0;
		};
/* End PBXSourcesBuildPhase section */

/* Begin PBXTargetDependency section */
		FE0859421F459F3B005662E2 /* PBXTargetDependency */ = {
			isa = PBXTargetDependency;
			target = A1F8F7481E4CA6B200B57DEB /* MunchkinLevelCounter */;
			targetProxy = FE0859411F459F3B005662E2 /* PBXContainerItemProxy */;
		};
/* End PBXTargetDependency section */

/* Begin PBXVariantGroup section */
		A19A768E1E6CEB65005C691A /* Localizable.strings */ = {
			isa = PBXVariantGroup;
			children = (
				A19A768D1E6CEB65005C691A /* Base */,
				A19A76901E6CEB78005C691A /* ru */,
				A19E3BCF1E9FFEA7007DAE81 /* de */,
				A19E3BD01E9FFF66007DAE81 /* fr */,
				A19E3BD11EA00007007DAE81 /* it */,
				A19E3BD21EA00057007DAE81 /* es */,
				A19E3BD31EA0006F007DAE81 /* nl */,
			);
			name = Localizable.strings;
			sourceTree = "<group>";
		};
		A1F8F7501E4CA6B200B57DEB /* Main.storyboard */ = {
			isa = PBXVariantGroup;
			children = (
				A1F8F7511E4CA6B200B57DEB /* Base */,
			);
			name = Main.storyboard;
			sourceTree = "<group>";
		};
		A1F8F7581E4CA6B200B57DEB /* LaunchScreen.storyboard */ = {
			isa = PBXVariantGroup;
			children = (
				A1F8F7591E4CA6B200B57DEB /* Base */,
			);
			name = LaunchScreen.storyboard;
			sourceTree = "<group>";
		};
/* End PBXVariantGroup section */

/* Begin XCBuildConfiguration section */
		A18EBB271E699F730069DCC5 /* Ad Hoc */ = {
			isa = XCBuildConfiguration;
			buildSettings = {
				ALWAYS_SEARCH_USER_PATHS = NO;
				CLANG_ANALYZER_LOCALIZABILITY_NONLOCALIZED = YES;
				CLANG_ANALYZER_NONNULL = YES;
				CLANG_CXX_LANGUAGE_STANDARD = "gnu++0x";
				CLANG_CXX_LIBRARY = "libc++";
				CLANG_ENABLE_MODULES = YES;
				CLANG_ENABLE_OBJC_ARC = YES;
				CLANG_WARN_BLOCK_CAPTURE_AUTORELEASING = YES;
				CLANG_WARN_BOOL_CONVERSION = YES;
				CLANG_WARN_COMMA = YES;
				CLANG_WARN_CONSTANT_CONVERSION = YES;
				CLANG_WARN_DEPRECATED_OBJC_IMPLEMENTATIONS = YES;
				CLANG_WARN_DIRECT_OBJC_ISA_USAGE = YES_ERROR;
				CLANG_WARN_DOCUMENTATION_COMMENTS = YES;
				CLANG_WARN_EMPTY_BODY = YES;
				CLANG_WARN_ENUM_CONVERSION = YES;
				CLANG_WARN_INFINITE_RECURSION = YES;
				CLANG_WARN_INT_CONVERSION = YES;
				CLANG_WARN_NON_LITERAL_NULL_CONVERSION = YES;
				CLANG_WARN_OBJC_IMPLICIT_RETAIN_SELF = YES;
				CLANG_WARN_OBJC_LITERAL_CONVERSION = YES;
				CLANG_WARN_OBJC_ROOT_CLASS = YES_ERROR;
				CLANG_WARN_RANGE_LOOP_ANALYSIS = YES;
				CLANG_WARN_STRICT_PROTOTYPES = YES;
				CLANG_WARN_SUSPICIOUS_MOVE = YES;
				CLANG_WARN_UNREACHABLE_CODE = YES;
				CLANG_WARN__DUPLICATE_METHOD_MATCH = YES;
				"CODE_SIGN_IDENTITY[sdk=iphoneos*]" = "iPhone Developer";
				COPY_PHASE_STRIP = NO;
				DEBUG_INFORMATION_FORMAT = "dwarf-with-dsym";
				ENABLE_NS_ASSERTIONS = NO;
				ENABLE_STRICT_OBJC_MSGSEND = YES;
				GCC_C_LANGUAGE_STANDARD = gnu99;
				GCC_NO_COMMON_BLOCKS = YES;
				GCC_WARN_64_TO_32_BIT_CONVERSION = YES;
				GCC_WARN_ABOUT_RETURN_TYPE = YES_ERROR;
				GCC_WARN_UNDECLARED_SELECTOR = YES;
				GCC_WARN_UNINITIALIZED_AUTOS = YES_AGGRESSIVE;
				GCC_WARN_UNUSED_FUNCTION = YES;
				GCC_WARN_UNUSED_VARIABLE = YES;
				IPHONEOS_DEPLOYMENT_TARGET = 10.0;
				MTL_ENABLE_DEBUG_INFO = NO;
				SDKROOT = iphoneos;
				SWIFT_OPTIMIZATION_LEVEL = "-Owholemodule";
				VALIDATE_PRODUCT = YES;
			};
			name = "Ad Hoc";
		};
		A18EBB281E699F730069DCC5 /* Ad Hoc */ = {
			isa = XCBuildConfiguration;
			baseConfigurationReference = 1F08FBAAB034E7B679ABECDE /* Pods-MunchkinLevelCounter.ad hoc.xcconfig */;
			buildSettings = {
				ALWAYS_EMBED_SWIFT_STANDARD_LIBRARIES = YES;
				ASSETCATALOG_COMPILER_APPICON_NAME = AppIcon;
				CODE_SIGN_IDENTITY = "iPhone Distribution: DATAROKETS, OOO (M5MBYBFCK5)";
				"CODE_SIGN_IDENTITY[sdk=iphoneos*]" = "iPhone Distribution: DATAROKETS, OOO (M5MBYBFCK5)";
				DEFINES_MODULE = YES;
				DEVELOPMENT_TEAM = M5MBYBFCK5;
				INFOPLIST_FILE = "$(SRCROOT)/MunchkinLevelCounter/Info.plist";
				IPHONEOS_DEPLOYMENT_TARGET = 10.0;
				LD_RUNPATH_SEARCH_PATHS = "$(inherited) @executable_path/Frameworks";
				PRODUCT_BUNDLE_IDENTIFIER = com.datarockets.mnchknlvlcntr;
				PRODUCT_NAME = "$(TARGET_NAME)";
				PROVISIONING_PROFILE = "631d52c1-c627-44e4-80cd-da4d69c1b181";
				PROVISIONING_PROFILE_SPECIFIER = "match AdHoc com.datarockets.mnchknlvlcntr";
				SWIFT_VERSION = 5.0;
				TARGETED_DEVICE_FAMILY = 1;
			};
			name = "Ad Hoc";
		};
		A1F8F7671E4CA6B200B57DEB /* Debug */ = {
			isa = XCBuildConfiguration;
			buildSettings = {
				ALWAYS_SEARCH_USER_PATHS = NO;
				CLANG_ANALYZER_LOCALIZABILITY_NONLOCALIZED = YES;
				CLANG_ANALYZER_NONNULL = YES;
				CLANG_CXX_LANGUAGE_STANDARD = "gnu++0x";
				CLANG_CXX_LIBRARY = "libc++";
				CLANG_ENABLE_MODULES = YES;
				CLANG_ENABLE_OBJC_ARC = YES;
				CLANG_WARN_BLOCK_CAPTURE_AUTORELEASING = YES;
				CLANG_WARN_BOOL_CONVERSION = YES;
				CLANG_WARN_COMMA = YES;
				CLANG_WARN_CONSTANT_CONVERSION = YES;
				CLANG_WARN_DEPRECATED_OBJC_IMPLEMENTATIONS = YES;
				CLANG_WARN_DIRECT_OBJC_ISA_USAGE = YES_ERROR;
				CLANG_WARN_DOCUMENTATION_COMMENTS = YES;
				CLANG_WARN_EMPTY_BODY = YES;
				CLANG_WARN_ENUM_CONVERSION = YES;
				CLANG_WARN_INFINITE_RECURSION = YES;
				CLANG_WARN_INT_CONVERSION = YES;
				CLANG_WARN_NON_LITERAL_NULL_CONVERSION = YES;
				CLANG_WARN_OBJC_IMPLICIT_RETAIN_SELF = YES;
				CLANG_WARN_OBJC_LITERAL_CONVERSION = YES;
				CLANG_WARN_OBJC_ROOT_CLASS = YES_ERROR;
				CLANG_WARN_RANGE_LOOP_ANALYSIS = YES;
				CLANG_WARN_STRICT_PROTOTYPES = YES;
				CLANG_WARN_SUSPICIOUS_MOVE = YES;
				CLANG_WARN_UNREACHABLE_CODE = YES;
				CLANG_WARN__DUPLICATE_METHOD_MATCH = YES;
				"CODE_SIGN_IDENTITY[sdk=iphoneos*]" = "iPhone Developer";
				COPY_PHASE_STRIP = NO;
				DEBUG_INFORMATION_FORMAT = dwarf;
				ENABLE_STRICT_OBJC_MSGSEND = YES;
				ENABLE_TESTABILITY = YES;
				GCC_C_LANGUAGE_STANDARD = gnu99;
				GCC_DYNAMIC_NO_PIC = NO;
				GCC_NO_COMMON_BLOCKS = YES;
				GCC_OPTIMIZATION_LEVEL = 0;
				GCC_PREPROCESSOR_DEFINITIONS = (
					"DEBUG=1",
					"$(inherited)",
				);
				GCC_WARN_64_TO_32_BIT_CONVERSION = YES;
				GCC_WARN_ABOUT_RETURN_TYPE = YES_ERROR;
				GCC_WARN_UNDECLARED_SELECTOR = YES;
				GCC_WARN_UNINITIALIZED_AUTOS = YES_AGGRESSIVE;
				GCC_WARN_UNUSED_FUNCTION = YES;
				GCC_WARN_UNUSED_VARIABLE = YES;
				IPHONEOS_DEPLOYMENT_TARGET = 10.0;
				MTL_ENABLE_DEBUG_INFO = YES;
				ONLY_ACTIVE_ARCH = YES;
				SDKROOT = iphoneos;
				SWIFT_OPTIMIZATION_LEVEL = "-Onone";
			};
			name = Debug;
		};
		A1F8F7681E4CA6B200B57DEB /* App Store */ = {
			isa = XCBuildConfiguration;
			buildSettings = {
				ALWAYS_SEARCH_USER_PATHS = NO;
				CLANG_ANALYZER_LOCALIZABILITY_NONLOCALIZED = YES;
				CLANG_ANALYZER_NONNULL = YES;
				CLANG_CXX_LANGUAGE_STANDARD = "gnu++0x";
				CLANG_CXX_LIBRARY = "libc++";
				CLANG_ENABLE_MODULES = YES;
				CLANG_ENABLE_OBJC_ARC = YES;
				CLANG_WARN_BLOCK_CAPTURE_AUTORELEASING = YES;
				CLANG_WARN_BOOL_CONVERSION = YES;
				CLANG_WARN_COMMA = YES;
				CLANG_WARN_CONSTANT_CONVERSION = YES;
				CLANG_WARN_DEPRECATED_OBJC_IMPLEMENTATIONS = YES;
				CLANG_WARN_DIRECT_OBJC_ISA_USAGE = YES_ERROR;
				CLANG_WARN_DOCUMENTATION_COMMENTS = YES;
				CLANG_WARN_EMPTY_BODY = YES;
				CLANG_WARN_ENUM_CONVERSION = YES;
				CLANG_WARN_INFINITE_RECURSION = YES;
				CLANG_WARN_INT_CONVERSION = YES;
				CLANG_WARN_NON_LITERAL_NULL_CONVERSION = YES;
				CLANG_WARN_OBJC_IMPLICIT_RETAIN_SELF = YES;
				CLANG_WARN_OBJC_LITERAL_CONVERSION = YES;
				CLANG_WARN_OBJC_ROOT_CLASS = YES_ERROR;
				CLANG_WARN_RANGE_LOOP_ANALYSIS = YES;
				CLANG_WARN_STRICT_PROTOTYPES = YES;
				CLANG_WARN_SUSPICIOUS_MOVE = YES;
				CLANG_WARN_UNREACHABLE_CODE = YES;
				CLANG_WARN__DUPLICATE_METHOD_MATCH = YES;
				"CODE_SIGN_IDENTITY[sdk=iphoneos*]" = "iPhone Developer";
				COPY_PHASE_STRIP = NO;
				DEBUG_INFORMATION_FORMAT = "dwarf-with-dsym";
				ENABLE_NS_ASSERTIONS = NO;
				ENABLE_STRICT_OBJC_MSGSEND = YES;
				GCC_C_LANGUAGE_STANDARD = gnu99;
				GCC_NO_COMMON_BLOCKS = YES;
				GCC_WARN_64_TO_32_BIT_CONVERSION = YES;
				GCC_WARN_ABOUT_RETURN_TYPE = YES_ERROR;
				GCC_WARN_UNDECLARED_SELECTOR = YES;
				GCC_WARN_UNINITIALIZED_AUTOS = YES_AGGRESSIVE;
				GCC_WARN_UNUSED_FUNCTION = YES;
				GCC_WARN_UNUSED_VARIABLE = YES;
				IPHONEOS_DEPLOYMENT_TARGET = 10.0;
				MTL_ENABLE_DEBUG_INFO = NO;
				SDKROOT = iphoneos;
				SWIFT_OPTIMIZATION_LEVEL = "-Owholemodule";
				VALIDATE_PRODUCT = YES;
			};
			name = "App Store";
		};
		A1F8F76A1E4CA6B200B57DEB /* Debug */ = {
			isa = XCBuildConfiguration;
			baseConfigurationReference = D3DF69A53496941246D6DA93 /* Pods-MunchkinLevelCounter.debug.xcconfig */;
			buildSettings = {
				ALWAYS_EMBED_SWIFT_STANDARD_LIBRARIES = YES;
				ASSETCATALOG_COMPILER_APPICON_NAME = AppIcon;
				CODE_SIGN_IDENTITY = "iPhone Developer: Pavel Vashkel (TRPYF2M782)";
				"CODE_SIGN_IDENTITY[sdk=iphoneos*]" = "iPhone Developer: Pavel Vashkel (TRPYF2M782)";
				DEFINES_MODULE = YES;
				DEVELOPMENT_TEAM = M5MBYBFCK5;
				INFOPLIST_FILE = "$(SRCROOT)/MunchkinLevelCounter/Info.plist";
				IPHONEOS_DEPLOYMENT_TARGET = 10.0;
				LD_RUNPATH_SEARCH_PATHS = "$(inherited) @executable_path/Frameworks";
				PRODUCT_BUNDLE_IDENTIFIER = com.datarockets.mnchknlvlcntr;
				PRODUCT_NAME = "$(TARGET_NAME)";
				PROVISIONING_PROFILE = "e9fb9159-0d92-452a-a16e-1edc42d0a1dd";
				PROVISIONING_PROFILE_SPECIFIER = "match Development com.datarockets.mnchknlvlcntr";
				SWIFT_ACTIVE_COMPILATION_CONDITIONS = DEBUG;
				SWIFT_VERSION = 5.0;
				TARGETED_DEVICE_FAMILY = 1;
			};
			name = Debug;
		};
		A1F8F76B1E4CA6B200B57DEB /* App Store */ = {
			isa = XCBuildConfiguration;
			baseConfigurationReference = 1C65758B9AC53ECB53108C6B /* Pods-MunchkinLevelCounter.app store.xcconfig */;
			buildSettings = {
				ALWAYS_EMBED_SWIFT_STANDARD_LIBRARIES = YES;
				ASSETCATALOG_COMPILER_APPICON_NAME = AppIcon;
				CODE_SIGN_IDENTITY = "iPhone Distribution: DATAROKETS, OOO (M5MBYBFCK5)";
				"CODE_SIGN_IDENTITY[sdk=iphoneos*]" = "iPhone Distribution: DATAROKETS, OOO (M5MBYBFCK5)";
				DEFINES_MODULE = YES;
				DEVELOPMENT_TEAM = M5MBYBFCK5;
				INFOPLIST_FILE = "$(SRCROOT)/MunchkinLevelCounter/Info.plist";
				IPHONEOS_DEPLOYMENT_TARGET = 10.0;
				LD_RUNPATH_SEARCH_PATHS = "$(inherited) @executable_path/Frameworks";
				ONLY_ACTIVE_ARCH = NO;
				PRODUCT_BUNDLE_IDENTIFIER = com.datarockets.mnchknlvlcntr;
				PRODUCT_NAME = "$(TARGET_NAME)";
				PROVISIONING_PROFILE = "59990c93-b3a0-49b3-85f8-55612def9094";
				PROVISIONING_PROFILE_SPECIFIER = "match AppStore com.datarockets.mnchknlvlcntr";
				SWIFT_VERSION = 5.0;
				TARGETED_DEVICE_FAMILY = 1;
			};
			name = "App Store";
		};
		FE0859441F459F3C005662E2 /* Debug */ = {
			isa = XCBuildConfiguration;
			buildSettings = {
				CLANG_ANALYZER_NUMBER_OBJECT_CONVERSION = YES_AGGRESSIVE;
				DEVELOPMENT_TEAM = "";
				INFOPLIST_FILE = MunchkinLevelCounterUITests/Info.plist;
				IPHONEOS_DEPLOYMENT_TARGET = 10.3;
				LD_RUNPATH_SEARCH_PATHS = "$(inherited) @executable_path/Frameworks @loader_path/Frameworks $(FRAMEWORK_SEARCH_PATHS)";
				ONLY_ACTIVE_ARCH = NO;
				PRODUCT_BUNDLE_IDENTIFIER = com.datarockets.MunchkinLevelCounterUITests;
				PRODUCT_NAME = "$(TARGET_NAME)";
				PROVISIONING_PROFILE = "";
				PROVISIONING_PROFILE_SPECIFIER = "";
				SWIFT_VERSION = 3.0;
				TEST_TARGET_NAME = MunchkinLevelCounter;
			};
			name = Debug;
		};
		FE0859451F459F3C005662E2 /* App Store */ = {
			isa = XCBuildConfiguration;
			buildSettings = {
				ALWAYS_SEARCH_USER_PATHS = NO;
				CLANG_ANALYZER_NONNULL = YES;
				CLANG_ANALYZER_NUMBER_OBJECT_CONVERSION = YES_AGGRESSIVE;
				CLANG_CXX_LANGUAGE_STANDARD = "gnu++0x";
				CLANG_CXX_LIBRARY = "libc++";
				CLANG_ENABLE_MODULES = YES;
				CLANG_ENABLE_OBJC_ARC = YES;
				CLANG_WARN_BOOL_CONVERSION = YES;
				CLANG_WARN_CONSTANT_CONVERSION = YES;
				CLANG_WARN_DIRECT_OBJC_ISA_USAGE = YES_ERROR;
				CLANG_WARN_DOCUMENTATION_COMMENTS = YES;
				CLANG_WARN_EMPTY_BODY = YES;
				CLANG_WARN_ENUM_CONVERSION = YES;
				CLANG_WARN_INFINITE_RECURSION = YES;
				CLANG_WARN_INT_CONVERSION = YES;
				CLANG_WARN_OBJC_ROOT_CLASS = YES_ERROR;
				CLANG_WARN_SUSPICIOUS_MOVE = YES;
				CLANG_WARN_UNREACHABLE_CODE = YES;
				CLANG_WARN__DUPLICATE_METHOD_MATCH = YES;
				"CODE_SIGN_IDENTITY[sdk=iphoneos*]" = "iPhone Developer";
				COPY_PHASE_STRIP = NO;
				DEBUG_INFORMATION_FORMAT = "dwarf-with-dsym";
				DEVELOPMENT_TEAM = "";
				ENABLE_NS_ASSERTIONS = NO;
				ENABLE_STRICT_OBJC_MSGSEND = YES;
				GCC_C_LANGUAGE_STANDARD = gnu99;
				GCC_NO_COMMON_BLOCKS = YES;
				GCC_WARN_64_TO_32_BIT_CONVERSION = YES;
				GCC_WARN_ABOUT_RETURN_TYPE = YES_ERROR;
				GCC_WARN_UNDECLARED_SELECTOR = YES;
				GCC_WARN_UNINITIALIZED_AUTOS = YES_AGGRESSIVE;
				GCC_WARN_UNUSED_FUNCTION = YES;
				GCC_WARN_UNUSED_VARIABLE = YES;
				INFOPLIST_FILE = MunchkinLevelCounterUITests/Info.plist;
				IPHONEOS_DEPLOYMENT_TARGET = 10.3;
				LD_RUNPATH_SEARCH_PATHS = "$(inherited) @executable_path/Frameworks @loader_path/Frameworks $(FRAMEWORK_SEARCH_PATHS)";
				MTL_ENABLE_DEBUG_INFO = NO;
				PRODUCT_BUNDLE_IDENTIFIER = com.datarockets.MunchkinLevelCounterUITests;
				PRODUCT_NAME = "$(TARGET_NAME)";
				PROVISIONING_PROFILE = "";
				PROVISIONING_PROFILE_SPECIFIER = "";
				SDKROOT = iphoneos;
				SWIFT_OPTIMIZATION_LEVEL = "-Owholemodule";
				SWIFT_VERSION = 3.0;
				TEST_TARGET_NAME = MunchkinLevelCounter;
				VALIDATE_PRODUCT = YES;
			};
			name = "App Store";
		};
		FE0859461F459F3C005662E2 /* Ad Hoc */ = {
			isa = XCBuildConfiguration;
			buildSettings = {
				ALWAYS_SEARCH_USER_PATHS = NO;
				CLANG_ANALYZER_NONNULL = YES;
				CLANG_ANALYZER_NUMBER_OBJECT_CONVERSION = YES_AGGRESSIVE;
				CLANG_CXX_LANGUAGE_STANDARD = "gnu++0x";
				CLANG_CXX_LIBRARY = "libc++";
				CLANG_ENABLE_MODULES = YES;
				CLANG_ENABLE_OBJC_ARC = YES;
				CLANG_WARN_BOOL_CONVERSION = YES;
				CLANG_WARN_CONSTANT_CONVERSION = YES;
				CLANG_WARN_DIRECT_OBJC_ISA_USAGE = YES_ERROR;
				CLANG_WARN_DOCUMENTATION_COMMENTS = YES;
				CLANG_WARN_EMPTY_BODY = YES;
				CLANG_WARN_ENUM_CONVERSION = YES;
				CLANG_WARN_INFINITE_RECURSION = YES;
				CLANG_WARN_INT_CONVERSION = YES;
				CLANG_WARN_OBJC_ROOT_CLASS = YES_ERROR;
				CLANG_WARN_SUSPICIOUS_MOVE = YES;
				CLANG_WARN_UNREACHABLE_CODE = YES;
				CLANG_WARN__DUPLICATE_METHOD_MATCH = YES;
				"CODE_SIGN_IDENTITY[sdk=iphoneos*]" = "iPhone Developer";
				COPY_PHASE_STRIP = NO;
				DEBUG_INFORMATION_FORMAT = "dwarf-with-dsym";
				DEVELOPMENT_TEAM = "";
				ENABLE_NS_ASSERTIONS = NO;
				ENABLE_STRICT_OBJC_MSGSEND = YES;
				GCC_C_LANGUAGE_STANDARD = gnu99;
				GCC_NO_COMMON_BLOCKS = YES;
				GCC_WARN_64_TO_32_BIT_CONVERSION = YES;
				GCC_WARN_ABOUT_RETURN_TYPE = YES_ERROR;
				GCC_WARN_UNDECLARED_SELECTOR = YES;
				GCC_WARN_UNINITIALIZED_AUTOS = YES_AGGRESSIVE;
				GCC_WARN_UNUSED_FUNCTION = YES;
				GCC_WARN_UNUSED_VARIABLE = YES;
				INFOPLIST_FILE = MunchkinLevelCounterUITests/Info.plist;
				IPHONEOS_DEPLOYMENT_TARGET = 10.3;
				LD_RUNPATH_SEARCH_PATHS = "$(inherited) @executable_path/Frameworks @loader_path/Frameworks $(FRAMEWORK_SEARCH_PATHS)";
				MTL_ENABLE_DEBUG_INFO = NO;
				PRODUCT_BUNDLE_IDENTIFIER = com.datarockets.MunchkinLevelCounterUITests;
				PRODUCT_NAME = "$(TARGET_NAME)";
				PROVISIONING_PROFILE = "";
				PROVISIONING_PROFILE_SPECIFIER = "";
				SDKROOT = iphoneos;
				SWIFT_OPTIMIZATION_LEVEL = "-Owholemodule";
				SWIFT_VERSION = 3.0;
				TEST_TARGET_NAME = MunchkinLevelCounter;
				VALIDATE_PRODUCT = YES;
			};
			name = "Ad Hoc";
		};
/* End XCBuildConfiguration section */

/* Begin XCConfigurationList section */
		A1F8F7441E4CA6B200B57DEB /* Build configuration list for PBXProject "MunchkinLevelCounter" */ = {
			isa = XCConfigurationList;
			buildConfigurations = (
				A1F8F7671E4CA6B200B57DEB /* Debug */,
				A1F8F7681E4CA6B200B57DEB /* App Store */,
				A18EBB271E699F730069DCC5 /* Ad Hoc */,
			);
			defaultConfigurationIsVisible = 0;
			defaultConfigurationName = "App Store";
		};
		A1F8F7691E4CA6B200B57DEB /* Build configuration list for PBXNativeTarget "MunchkinLevelCounter" */ = {
			isa = XCConfigurationList;
			buildConfigurations = (
				A1F8F76A1E4CA6B200B57DEB /* Debug */,
				A1F8F76B1E4CA6B200B57DEB /* App Store */,
				A18EBB281E699F730069DCC5 /* Ad Hoc */,
			);
			defaultConfigurationIsVisible = 0;
			defaultConfigurationName = "App Store";
		};
		FE0859431F459F3C005662E2 /* Build configuration list for PBXNativeTarget "MunchkinLevelCounterUITests" */ = {
			isa = XCConfigurationList;
			buildConfigurations = (
				FE0859441F459F3C005662E2 /* Debug */,
				FE0859451F459F3C005662E2 /* App Store */,
				FE0859461F459F3C005662E2 /* Ad Hoc */,
			);
			defaultConfigurationIsVisible = 0;
			defaultConfigurationName = "App Store";
		};
/* End XCConfigurationList section */

/* Begin XCVersionGroup section */
		A1F8F7531E4CA6B200B57DEB /* Munchkin_Level_Counter.xcdatamodeld */ = {
			isa = XCVersionGroup;
			children = (
				A1D5EE9E1E796D98001416C0 /* Munchkin_Level_Counter 2.xcdatamodel */,
				A1F8F7541E4CA6B200B57DEB /* Munchkin_Level_Counter.xcdatamodel */,
			);
			currentVersion = A1F8F7541E4CA6B200B57DEB /* Munchkin_Level_Counter.xcdatamodel */;
			path = Munchkin_Level_Counter.xcdatamodeld;
			sourceTree = "<group>";
			versionGroupType = wrapper.xcdatamodel;
		};
/* End XCVersionGroup section */
	};
	rootObject = A1F8F7411E4CA6B200B57DEB /* Project object */;
}
