// !$*UTF8*$!
{
	archiveVersion = 1;
	classes = {
	};
	objectVersion = 46;
	objects = {

/* Begin PBXBuildFile section */
		2E15041594B69D1D724C81A7 /* Pods_Munchkin_Level_Counter.framework in Frameworks */ = {isa = PBXBuildFile; fileRef = 56F6911D425EA6423575B082 /* Pods_Munchkin_Level_Counter.framework */; };
		8BA8503F1FD86CCEB6E3452F /* Pods_Munchkin_Level_CounterTests.framework in Frameworks */ = {isa = PBXBuildFile; fileRef = 7CCEDB83BEC5440482DA548A /* Pods_Munchkin_Level_CounterTests.framework */; };
		A127FA801E4DC65E002733AA /* OnboardingViewController.swift in Sources */ = {isa = PBXBuildFile; fileRef = A127FA7F1E4DC65E002733AA /* OnboardingViewController.swift */; };
		A127FA821E4DC66A002733AA /* OnboardingPresenter.swift in Sources */ = {isa = PBXBuildFile; fileRef = A127FA811E4DC66A002733AA /* OnboardingPresenter.swift */; };
		A127FA841E4DC67C002733AA /* OnboardingView.swift in Sources */ = {isa = PBXBuildFile; fileRef = A127FA831E4DC67C002733AA /* OnboardingView.swift */; };
		A127FA861E4E0FC1002733AA /* DashboardViewController.swift in Sources */ = {isa = PBXBuildFile; fileRef = A127FA851E4E0FC1002733AA /* DashboardViewController.swift */; };
		A127FA881E4E0FDE002733AA /* DashboardPresenter.swift in Sources */ = {isa = PBXBuildFile; fileRef = A127FA871E4E0FDE002733AA /* DashboardPresenter.swift */; };
		A127FA8A1E4E0FE6002733AA /* DashboardView.swift in Sources */ = {isa = PBXBuildFile; fileRef = A127FA891E4E0FE6002733AA /* DashboardView.swift */; };
		A127FA8C1E4E183C002733AA /* OnboardingStepViewController.swift in Sources */ = {isa = PBXBuildFile; fileRef = A127FA8B1E4E183C002733AA /* OnboardingStepViewController.swift */; };
		A12D01B01E54868B009BCD9E /* PlayersEditorTableViewCell.swift in Sources */ = {isa = PBXBuildFile; fileRef = A12D01AF1E54868B009BCD9E /* PlayersEditorTableViewCell.swift */; };
		A170F6001E5097FA006149D3 /* Player.swift in Sources */ = {isa = PBXBuildFile; fileRef = A170F5FF1E5097FA006149D3 /* Player.swift */; };
		A17750101E4CB432004B910E /* PlayersEditorViewController.swift in Sources */ = {isa = PBXBuildFile; fileRef = A177500F1E4CB432004B910E /* PlayersEditorViewController.swift */; };
		A17750121E4CB446004B910E /* PlayersEditorPresenter.swift in Sources */ = {isa = PBXBuildFile; fileRef = A17750111E4CB446004B910E /* PlayersEditorPresenter.swift */; };
		A17750151E4CB4CF004B910E /* Presenter.swift in Sources */ = {isa = PBXBuildFile; fileRef = A17750141E4CB4CF004B910E /* Presenter.swift */; };
		A17750171E4CB51E004B910E /* BaseView.swift in Sources */ = {isa = PBXBuildFile; fileRef = A17750161E4CB51E004B910E /* BaseView.swift */; };
		A17750191E4CB576004B910E /* PlayersEditorView.swift in Sources */ = {isa = PBXBuildFile; fileRef = A17750181E4CB576004B910E /* PlayersEditorView.swift */; };
		A1EFDB8B1E53419600FEBD76 /* Db.swift in Sources */ = {isa = PBXBuildFile; fileRef = A1EFDB8A1E53419600FEBD76 /* Db.swift */; };
		A1F8F74D1E4CA6B200B57DEB /* AppDelegate.swift in Sources */ = {isa = PBXBuildFile; fileRef = A1F8F74C1E4CA6B200B57DEB /* AppDelegate.swift */; };
		A1F8F7521E4CA6B200B57DEB /* Main.storyboard in Resources */ = {isa = PBXBuildFile; fileRef = A1F8F7501E4CA6B200B57DEB /* Main.storyboard */; };
		A1F8F7551E4CA6B200B57DEB /* Munchkin_Level_Counter.xcdatamodeld in Sources */ = {isa = PBXBuildFile; fileRef = A1F8F7531E4CA6B200B57DEB /* Munchkin_Level_Counter.xcdatamodeld */; };
		A1F8F7571E4CA6B200B57DEB /* Assets.xcassets in Resources */ = {isa = PBXBuildFile; fileRef = A1F8F7561E4CA6B200B57DEB /* Assets.xcassets */; };
		A1F8F75A1E4CA6B200B57DEB /* LaunchScreen.storyboard in Resources */ = {isa = PBXBuildFile; fileRef = A1F8F7581E4CA6B200B57DEB /* LaunchScreen.storyboard */; };
		A1F8F7651E4CA6B200B57DEB /* Munchkin_Level_CounterTests.swift in Sources */ = {isa = PBXBuildFile; fileRef = A1F8F7641E4CA6B200B57DEB /* Munchkin_Level_CounterTests.swift */; };
		A1F8F7781E4CA89300B57DEB /* DataManager.swift in Sources */ = {isa = PBXBuildFile; fileRef = A1F8F7771E4CA89300B57DEB /* DataManager.swift */; };
		A1F8F77A1E4CA8C400B57DEB /* DatabaseHelper.swift in Sources */ = {isa = PBXBuildFile; fileRef = A1F8F7791E4CA8C400B57DEB /* DatabaseHelper.swift */; };
		A1F8F77C1E4CAB8B00B57DEB /* PreferencesHelper.swift in Sources */ = {isa = PBXBuildFile; fileRef = A1F8F77B1E4CAB8B00B57DEB /* PreferencesHelper.swift */; };
/* End PBXBuildFile section */

/* Begin PBXContainerItemProxy section */
		A1F8F7611E4CA6B200B57DEB /* PBXContainerItemProxy */ = {
			isa = PBXContainerItemProxy;
			containerPortal = A1F8F7411E4CA6B200B57DEB /* Project object */;
			proxyType = 1;
			remoteGlobalIDString = A1F8F7481E4CA6B200B57DEB;
			remoteInfo = "Munchkin Level Counter";
		};
/* End PBXContainerItemProxy section */

/* Begin PBXFileReference section */
		542F0FEBAD51AB9875B8A76F /* Pods-Munchkin Level Counter.debug.xcconfig */ = {isa = PBXFileReference; includeInIndex = 1; lastKnownFileType = text.xcconfig; name = "Pods-Munchkin Level Counter.debug.xcconfig"; path = "Pods/Target Support Files/Pods-Munchkin Level Counter/Pods-Munchkin Level Counter.debug.xcconfig"; sourceTree = "<group>"; };
		56F6911D425EA6423575B082 /* Pods_Munchkin_Level_Counter.framework */ = {isa = PBXFileReference; explicitFileType = wrapper.framework; includeInIndex = 0; path = Pods_Munchkin_Level_Counter.framework; sourceTree = BUILT_PRODUCTS_DIR; };
		5D31C7C05988FDF130E07539 /* Pods-Munchkin Level CounterTests.release.xcconfig */ = {isa = PBXFileReference; includeInIndex = 1; lastKnownFileType = text.xcconfig; name = "Pods-Munchkin Level CounterTests.release.xcconfig"; path = "Pods/Target Support Files/Pods-Munchkin Level CounterTests/Pods-Munchkin Level CounterTests.release.xcconfig"; sourceTree = "<group>"; };
		6166B033B03097EF4FDE051B /* Pods-Munchkin Level Counter.release.xcconfig */ = {isa = PBXFileReference; includeInIndex = 1; lastKnownFileType = text.xcconfig; name = "Pods-Munchkin Level Counter.release.xcconfig"; path = "Pods/Target Support Files/Pods-Munchkin Level Counter/Pods-Munchkin Level Counter.release.xcconfig"; sourceTree = "<group>"; };
		7CCEDB83BEC5440482DA548A /* Pods_Munchkin_Level_CounterTests.framework */ = {isa = PBXFileReference; explicitFileType = wrapper.framework; includeInIndex = 0; path = Pods_Munchkin_Level_CounterTests.framework; sourceTree = BUILT_PRODUCTS_DIR; };
		A127FA7F1E4DC65E002733AA /* OnboardingViewController.swift */ = {isa = PBXFileReference; fileEncoding = 4; lastKnownFileType = sourcecode.swift; path = OnboardingViewController.swift; sourceTree = "<group>"; };
		A127FA811E4DC66A002733AA /* OnboardingPresenter.swift */ = {isa = PBXFileReference; fileEncoding = 4; lastKnownFileType = sourcecode.swift; path = OnboardingPresenter.swift; sourceTree = "<group>"; };
		A127FA831E4DC67C002733AA /* OnboardingView.swift */ = {isa = PBXFileReference; fileEncoding = 4; lastKnownFileType = sourcecode.swift; path = OnboardingView.swift; sourceTree = "<group>"; };
		A127FA851E4E0FC1002733AA /* DashboardViewController.swift */ = {isa = PBXFileReference; fileEncoding = 4; lastKnownFileType = sourcecode.swift; path = DashboardViewController.swift; sourceTree = "<group>"; };
		A127FA871E4E0FDE002733AA /* DashboardPresenter.swift */ = {isa = PBXFileReference; fileEncoding = 4; lastKnownFileType = sourcecode.swift; path = DashboardPresenter.swift; sourceTree = "<group>"; };
		A127FA891E4E0FE6002733AA /* DashboardView.swift */ = {isa = PBXFileReference; fileEncoding = 4; lastKnownFileType = sourcecode.swift; path = DashboardView.swift; sourceTree = "<group>"; };
		A127FA8B1E4E183C002733AA /* OnboardingStepViewController.swift */ = {isa = PBXFileReference; fileEncoding = 4; lastKnownFileType = sourcecode.swift; path = OnboardingStepViewController.swift; sourceTree = "<group>"; };
		A12D01AF1E54868B009BCD9E /* PlayersEditorTableViewCell.swift */ = {isa = PBXFileReference; fileEncoding = 4; lastKnownFileType = sourcecode.swift; path = PlayersEditorTableViewCell.swift; sourceTree = "<group>"; };
		A170F5FF1E5097FA006149D3 /* Player.swift */ = {isa = PBXFileReference; fileEncoding = 4; lastKnownFileType = sourcecode.swift; path = Player.swift; sourceTree = "<group>"; };
		A177500F1E4CB432004B910E /* PlayersEditorViewController.swift */ = {isa = PBXFileReference; fileEncoding = 4; lastKnownFileType = sourcecode.swift; path = PlayersEditorViewController.swift; sourceTree = "<group>"; };
		A17750111E4CB446004B910E /* PlayersEditorPresenter.swift */ = {isa = PBXFileReference; fileEncoding = 4; lastKnownFileType = sourcecode.swift; path = PlayersEditorPresenter.swift; sourceTree = "<group>"; };
		A17750141E4CB4CF004B910E /* Presenter.swift */ = {isa = PBXFileReference; fileEncoding = 4; lastKnownFileType = sourcecode.swift; path = Presenter.swift; sourceTree = "<group>"; };
		A17750161E4CB51E004B910E /* BaseView.swift */ = {isa = PBXFileReference; fileEncoding = 4; lastKnownFileType = sourcecode.swift; path = BaseView.swift; sourceTree = "<group>"; };
		A17750181E4CB576004B910E /* PlayersEditorView.swift */ = {isa = PBXFileReference; fileEncoding = 4; lastKnownFileType = sourcecode.swift; path = PlayersEditorView.swift; sourceTree = "<group>"; };
		A1EFDB8A1E53419600FEBD76 /* Db.swift */ = {isa = PBXFileReference; fileEncoding = 4; lastKnownFileType = sourcecode.swift; path = Db.swift; sourceTree = "<group>"; };
		A1F8F7491E4CA6B200B57DEB /* Munchkin Level Counter.app */ = {isa = PBXFileReference; explicitFileType = wrapper.application; includeInIndex = 0; path = "Munchkin Level Counter.app"; sourceTree = BUILT_PRODUCTS_DIR; };
		A1F8F74C1E4CA6B200B57DEB /* AppDelegate.swift */ = {isa = PBXFileReference; lastKnownFileType = sourcecode.swift; path = AppDelegate.swift; sourceTree = "<group>"; };
		A1F8F7511E4CA6B200B57DEB /* Base */ = {isa = PBXFileReference; lastKnownFileType = file.storyboard; name = Base; path = Base.lproj/Main.storyboard; sourceTree = "<group>"; };
		A1F8F7541E4CA6B200B57DEB /* Munchkin_Level_Counter.xcdatamodel */ = {isa = PBXFileReference; lastKnownFileType = wrapper.xcdatamodel; path = Munchkin_Level_Counter.xcdatamodel; sourceTree = "<group>"; };
		A1F8F7561E4CA6B200B57DEB /* Assets.xcassets */ = {isa = PBXFileReference; lastKnownFileType = folder.assetcatalog; path = Assets.xcassets; sourceTree = "<group>"; };
		A1F8F7591E4CA6B200B57DEB /* Base */ = {isa = PBXFileReference; lastKnownFileType = file.storyboard; name = Base; path = Base.lproj/LaunchScreen.storyboard; sourceTree = "<group>"; };
		A1F8F75B1E4CA6B200B57DEB /* Info.plist */ = {isa = PBXFileReference; lastKnownFileType = text.plist.xml; path = Info.plist; sourceTree = "<group>"; };
		A1F8F7601E4CA6B200B57DEB /* Munchkin Level CounterTests.xctest */ = {isa = PBXFileReference; explicitFileType = wrapper.cfbundle; includeInIndex = 0; path = "Munchkin Level CounterTests.xctest"; sourceTree = BUILT_PRODUCTS_DIR; };
		A1F8F7641E4CA6B200B57DEB /* Munchkin_Level_CounterTests.swift */ = {isa = PBXFileReference; lastKnownFileType = sourcecode.swift; path = Munchkin_Level_CounterTests.swift; sourceTree = "<group>"; };
		A1F8F7661E4CA6B200B57DEB /* Info.plist */ = {isa = PBXFileReference; lastKnownFileType = text.plist.xml; path = Info.plist; sourceTree = "<group>"; };
		A1F8F7771E4CA89300B57DEB /* DataManager.swift */ = {isa = PBXFileReference; fileEncoding = 4; lastKnownFileType = sourcecode.swift; path = DataManager.swift; sourceTree = "<group>"; };
		A1F8F7791E4CA8C400B57DEB /* DatabaseHelper.swift */ = {isa = PBXFileReference; fileEncoding = 4; lastKnownFileType = sourcecode.swift; path = DatabaseHelper.swift; sourceTree = "<group>"; };
		A1F8F77B1E4CAB8B00B57DEB /* PreferencesHelper.swift */ = {isa = PBXFileReference; fileEncoding = 4; lastKnownFileType = sourcecode.swift; path = PreferencesHelper.swift; sourceTree = "<group>"; };
		DE001F53FC67234840A18435 /* Pods-Munchkin Level CounterTests.debug.xcconfig */ = {isa = PBXFileReference; includeInIndex = 1; lastKnownFileType = text.xcconfig; name = "Pods-Munchkin Level CounterTests.debug.xcconfig"; path = "Pods/Target Support Files/Pods-Munchkin Level CounterTests/Pods-Munchkin Level CounterTests.debug.xcconfig"; sourceTree = "<group>"; };
/* End PBXFileReference section */

/* Begin PBXFrameworksBuildPhase section */
		A1F8F7461E4CA6B200B57DEB /* Frameworks */ = {
			isa = PBXFrameworksBuildPhase;
			buildActionMask = 2147483647;
			files = (
				2E15041594B69D1D724C81A7 /* Pods_Munchkin_Level_Counter.framework in Frameworks */,
			);
			runOnlyForDeploymentPostprocessing = 0;
		};
		A1F8F75D1E4CA6B200B57DEB /* Frameworks */ = {
			isa = PBXFrameworksBuildPhase;
			buildActionMask = 2147483647;
			files = (
				8BA8503F1FD86CCEB6E3452F /* Pods_Munchkin_Level_CounterTests.framework in Frameworks */,
			);
			runOnlyForDeploymentPostprocessing = 0;
		};
/* End PBXFrameworksBuildPhase section */

/* Begin PBXGroup section */
		05F4BF00EB4873145F9E6A5D /* Frameworks */ = {
			isa = PBXGroup;
			children = (
				56F6911D425EA6423575B082 /* Pods_Munchkin_Level_Counter.framework */,
				7CCEDB83BEC5440482DA548A /* Pods_Munchkin_Level_CounterTests.framework */,
			);
			name = Frameworks;
			sourceTree = "<group>";
		};
		813606A9E38152C22EAE6CD7 /* Pods */ = {
			isa = PBXGroup;
			children = (
				542F0FEBAD51AB9875B8A76F /* Pods-Munchkin Level Counter.debug.xcconfig */,
				6166B033B03097EF4FDE051B /* Pods-Munchkin Level Counter.release.xcconfig */,
				DE001F53FC67234840A18435 /* Pods-Munchkin Level CounterTests.debug.xcconfig */,
				5D31C7C05988FDF130E07539 /* Pods-Munchkin Level CounterTests.release.xcconfig */,
			);
			name = Pods;
			sourceTree = "<group>";
		};
		A127FA7D1E4DC5FA002733AA /* Dashboard */ = {
			isa = PBXGroup;
			children = (
				A127FA851E4E0FC1002733AA /* DashboardViewController.swift */,
				A127FA871E4E0FDE002733AA /* DashboardPresenter.swift */,
				A127FA891E4E0FE6002733AA /* DashboardView.swift */,
			);
			path = Dashboard;
			sourceTree = "<group>";
		};
		A127FA7E1E4DC625002733AA /* Onboarding */ = {
			isa = PBXGroup;
			children = (
				A127FA7F1E4DC65E002733AA /* OnboardingViewController.swift */,
				A127FA811E4DC66A002733AA /* OnboardingPresenter.swift */,
				A127FA831E4DC67C002733AA /* OnboardingView.swift */,
				A127FA8B1E4E183C002733AA /* OnboardingStepViewController.swift */,
			);
			path = Onboarding;
			sourceTree = "<group>";
		};
		A177500C1E4CB3C6004B910E /* Players Editor */ = {
			isa = PBXGroup;
			children = (
				A177500F1E4CB432004B910E /* PlayersEditorViewController.swift */,
				A17750111E4CB446004B910E /* PlayersEditorPresenter.swift */,
				A17750181E4CB576004B910E /* PlayersEditorView.swift */,
				A12D01AF1E54868B009BCD9E /* PlayersEditorTableViewCell.swift */,
			);
			path = "Players Editor";
			sourceTree = "<group>";
		};
		A17750131E4CB4B6004B910E /* Base */ = {
			isa = PBXGroup;
			children = (
				A17750141E4CB4CF004B910E /* Presenter.swift */,
				A17750161E4CB51E004B910E /* BaseView.swift */,
			);
			path = Base;
			sourceTree = "<group>";
		};
		A1F8F7401E4CA6B200B57DEB = {
			isa = PBXGroup;
			children = (
				A1F8F74B1E4CA6B200B57DEB /* Munchkin Level Counter */,
				A1F8F7631E4CA6B200B57DEB /* Munchkin Level CounterTests */,
				A1F8F74A1E4CA6B200B57DEB /* Products */,
				813606A9E38152C22EAE6CD7 /* Pods */,
				05F4BF00EB4873145F9E6A5D /* Frameworks */,
			);
			sourceTree = "<group>";
		};
		A1F8F74A1E4CA6B200B57DEB /* Products */ = {
			isa = PBXGroup;
			children = (
				A1F8F7491E4CA6B200B57DEB /* Munchkin Level Counter.app */,
				A1F8F7601E4CA6B200B57DEB /* Munchkin Level CounterTests.xctest */,
			);
			name = Products;
			sourceTree = "<group>";
		};
		A1F8F74B1E4CA6B200B57DEB /* Munchkin Level Counter */ = {
			isa = PBXGroup;
			children = (
				A1F8F7701E4CA7BE00B57DEB /* Data */,
				A1F8F76F1E4CA7AD00B57DEB /* UI */,
				A1F8F74C1E4CA6B200B57DEB /* AppDelegate.swift */,
				A1F8F7501E4CA6B200B57DEB /* Main.storyboard */,
				A1F8F7561E4CA6B200B57DEB /* Assets.xcassets */,
				A1F8F7581E4CA6B200B57DEB /* LaunchScreen.storyboard */,
				A1F8F75B1E4CA6B200B57DEB /* Info.plist */,
				A1F8F7531E4CA6B200B57DEB /* Munchkin_Level_Counter.xcdatamodeld */,
			);
			path = "Munchkin Level Counter";
			sourceTree = "<group>";
		};
		A1F8F7631E4CA6B200B57DEB /* Munchkin Level CounterTests */ = {
			isa = PBXGroup;
			children = (
				A1F8F7641E4CA6B200B57DEB /* Munchkin_Level_CounterTests.swift */,
				A1F8F7661E4CA6B200B57DEB /* Info.plist */,
			);
			path = "Munchkin Level CounterTests";
			sourceTree = "<group>";
		};
		A1F8F76F1E4CA7AD00B57DEB /* UI */ = {
			isa = PBXGroup;
			children = (
				A127FA7E1E4DC625002733AA /* Onboarding */,
				A127FA7D1E4DC5FA002733AA /* Dashboard */,
				A17750131E4CB4B6004B910E /* Base */,
				A177500C1E4CB3C6004B910E /* Players Editor */,
			);
			path = UI;
			sourceTree = "<group>";
		};
		A1F8F7701E4CA7BE00B57DEB /* Data */ = {
			isa = PBXGroup;
			children = (
				A1F8F7741E4CA7DB00B57DEB /* Model */,
				A1F8F7721E4CA7CC00B57DEB /* Remote */,
				A1F8F7711E4CA7C600B57DEB /* Local */,
				A1F8F7771E4CA89300B57DEB /* DataManager.swift */,
			);
			path = Data;
			sourceTree = "<group>";
		};
		A1F8F7711E4CA7C600B57DEB /* Local */ = {
			isa = PBXGroup;
			children = (
				A1F8F7791E4CA8C400B57DEB /* DatabaseHelper.swift */,
				A1F8F77B1E4CAB8B00B57DEB /* PreferencesHelper.swift */,
				A1EFDB8A1E53419600FEBD76 /* Db.swift */,
			);
			path = Local;
			sourceTree = "<group>";
		};
		A1F8F7721E4CA7CC00B57DEB /* Remote */ = {
			isa = PBXGroup;
			children = (
			);
			path = Remote;
			sourceTree = "<group>";
		};
		A1F8F7741E4CA7DB00B57DEB /* Model */ = {
			isa = PBXGroup;
			children = (
				A170F5FF1E5097FA006149D3 /* Player.swift */,
			);
			path = Model;
			sourceTree = "<group>";
		};
/* End PBXGroup section */

/* Begin PBXNativeTarget section */
		A1F8F7481E4CA6B200B57DEB /* Munchkin Level Counter */ = {
			isa = PBXNativeTarget;
			buildConfigurationList = A1F8F7691E4CA6B200B57DEB /* Build configuration list for PBXNativeTarget "Munchkin Level Counter" */;
			buildPhases = (
				9F6F4D1556553E029FA8D086 /* [CP] Check Pods Manifest.lock */,
				A1F8F7451E4CA6B200B57DEB /* Sources */,
				A1F8F7461E4CA6B200B57DEB /* Frameworks */,
				A1F8F7471E4CA6B200B57DEB /* Resources */,
				469F216926D2EB0135B8362D /* [CP] Embed Pods Frameworks */,
				B6E0C7F1841A6B9184B5B2D0 /* [CP] Copy Pods Resources */,
			);
			buildRules = (
			);
			dependencies = (
			);
			name = "Munchkin Level Counter";
			productName = "Munchkin Level Counter";
			productReference = A1F8F7491E4CA6B200B57DEB /* Munchkin Level Counter.app */;
			productType = "com.apple.product-type.application";
		};
		A1F8F75F1E4CA6B200B57DEB /* Munchkin Level CounterTests */ = {
			isa = PBXNativeTarget;
			buildConfigurationList = A1F8F76C1E4CA6B200B57DEB /* Build configuration list for PBXNativeTarget "Munchkin Level CounterTests" */;
			buildPhases = (
				85FC6A0D83D11B9262B57691 /* [CP] Check Pods Manifest.lock */,
				A1F8F75C1E4CA6B200B57DEB /* Sources */,
				A1F8F75D1E4CA6B200B57DEB /* Frameworks */,
				A1F8F75E1E4CA6B200B57DEB /* Resources */,
				700F4AEF8E34C932BF996789 /* [CP] Embed Pods Frameworks */,
				6B7D0DA7B7E574434FC7FC0C /* [CP] Copy Pods Resources */,
			);
			buildRules = (
			);
			dependencies = (
				A1F8F7621E4CA6B200B57DEB /* PBXTargetDependency */,
			);
			name = "Munchkin Level CounterTests";
			productName = "Munchkin Level CounterTests";
			productReference = A1F8F7601E4CA6B200B57DEB /* Munchkin Level CounterTests.xctest */;
			productType = "com.apple.product-type.bundle.unit-test";
		};
/* End PBXNativeTarget section */

/* Begin PBXProject section */
		A1F8F7411E4CA6B200B57DEB /* Project object */ = {
			isa = PBXProject;
			attributes = {
				LastSwiftUpdateCheck = 0820;
				LastUpgradeCheck = 0820;
				ORGANIZATIONNAME = datarockets;
				TargetAttributes = {
					A1F8F7481E4CA6B200B57DEB = {
						CreatedOnToolsVersion = 8.2.1;
						DevelopmentTeam = M5MBYBFCK5;
						ProvisioningStyle = Automatic;
					};
					A1F8F75F1E4CA6B200B57DEB = {
						CreatedOnToolsVersion = 8.2.1;
						DevelopmentTeam = M5MBYBFCK5;
						ProvisioningStyle = Automatic;
						TestTargetID = A1F8F7481E4CA6B200B57DEB;
					};
				};
			};
			buildConfigurationList = A1F8F7441E4CA6B200B57DEB /* Build configuration list for PBXProject "Munchkin Level Counter" */;
			compatibilityVersion = "Xcode 3.2";
			developmentRegion = English;
			hasScannedForEncodings = 0;
			knownRegions = (
				en,
				Base,
			);
			mainGroup = A1F8F7401E4CA6B200B57DEB;
			productRefGroup = A1F8F74A1E4CA6B200B57DEB /* Products */;
			projectDirPath = "";
			projectRoot = "";
			targets = (
				A1F8F7481E4CA6B200B57DEB /* Munchkin Level Counter */,
				A1F8F75F1E4CA6B200B57DEB /* Munchkin Level CounterTests */,
			);
		};
/* End PBXProject section */

/* Begin PBXResourcesBuildPhase section */
		A1F8F7471E4CA6B200B57DEB /* Resources */ = {
			isa = PBXResourcesBuildPhase;
			buildActionMask = 2147483647;
			files = (
				A1F8F75A1E4CA6B200B57DEB /* LaunchScreen.storyboard in Resources */,
				A1F8F7571E4CA6B200B57DEB /* Assets.xcassets in Resources */,
				A1F8F7521E4CA6B200B57DEB /* Main.storyboard in Resources */,
			);
			runOnlyForDeploymentPostprocessing = 0;
		};
		A1F8F75E1E4CA6B200B57DEB /* Resources */ = {
			isa = PBXResourcesBuildPhase;
			buildActionMask = 2147483647;
			files = (
			);
			runOnlyForDeploymentPostprocessing = 0;
		};
/* End PBXResourcesBuildPhase section */

/* Begin PBXShellScriptBuildPhase section */
		469F216926D2EB0135B8362D /* [CP] Embed Pods Frameworks */ = {
			isa = PBXShellScriptBuildPhase;
			buildActionMask = 2147483647;
			files = (
			);
			inputPaths = (
			);
			name = "[CP] Embed Pods Frameworks";
			outputPaths = (
			);
			runOnlyForDeploymentPostprocessing = 0;
			shellPath = /bin/sh;
			shellScript = "\"${SRCROOT}/Pods/Target Support Files/Pods-Munchkin Level Counter/Pods-Munchkin Level Counter-frameworks.sh\"\n";
			showEnvVarsInLog = 0;
		};
		6B7D0DA7B7E574434FC7FC0C /* [CP] Copy Pods Resources */ = {
			isa = PBXShellScriptBuildPhase;
			buildActionMask = 2147483647;
			files = (
			);
			inputPaths = (
			);
			name = "[CP] Copy Pods Resources";
			outputPaths = (
			);
			runOnlyForDeploymentPostprocessing = 0;
			shellPath = /bin/sh;
			shellScript = "\"${SRCROOT}/Pods/Target Support Files/Pods-Munchkin Level CounterTests/Pods-Munchkin Level CounterTests-resources.sh\"\n";
			showEnvVarsInLog = 0;
		};
		700F4AEF8E34C932BF996789 /* [CP] Embed Pods Frameworks */ = {
			isa = PBXShellScriptBuildPhase;
			buildActionMask = 2147483647;
			files = (
			);
			inputPaths = (
			);
			name = "[CP] Embed Pods Frameworks";
			outputPaths = (
			);
			runOnlyForDeploymentPostprocessing = 0;
			shellPath = /bin/sh;
			shellScript = "\"${SRCROOT}/Pods/Target Support Files/Pods-Munchkin Level CounterTests/Pods-Munchkin Level CounterTests-frameworks.sh\"\n";
			showEnvVarsInLog = 0;
		};
		85FC6A0D83D11B9262B57691 /* [CP] Check Pods Manifest.lock */ = {
			isa = PBXShellScriptBuildPhase;
			buildActionMask = 2147483647;
			files = (
			);
			inputPaths = (
			);
			name = "[CP] Check Pods Manifest.lock";
			outputPaths = (
			);
			runOnlyForDeploymentPostprocessing = 0;
			shellPath = /bin/sh;
			shellScript = "diff \"${PODS_ROOT}/../Podfile.lock\" \"${PODS_ROOT}/Manifest.lock\" > /dev/null\nif [ $? != 0 ] ; then\n    # print error to STDERR\n    echo \"error: The sandbox is not in sync with the Podfile.lock. Run 'pod install' or update your CocoaPods installation.\" >&2\n    exit 1\nfi\n";
			showEnvVarsInLog = 0;
		};
		9F6F4D1556553E029FA8D086 /* [CP] Check Pods Manifest.lock */ = {
			isa = PBXShellScriptBuildPhase;
			buildActionMask = 2147483647;
			files = (
			);
			inputPaths = (
			);
			name = "[CP] Check Pods Manifest.lock";
			outputPaths = (
			);
			runOnlyForDeploymentPostprocessing = 0;
			shellPath = /bin/sh;
			shellScript = "diff \"${PODS_ROOT}/../Podfile.lock\" \"${PODS_ROOT}/Manifest.lock\" > /dev/null\nif [ $? != 0 ] ; then\n    # print error to STDERR\n    echo \"error: The sandbox is not in sync with the Podfile.lock. Run 'pod install' or update your CocoaPods installation.\" >&2\n    exit 1\nfi\n";
			showEnvVarsInLog = 0;
		};
		B6E0C7F1841A6B9184B5B2D0 /* [CP] Copy Pods Resources */ = {
			isa = PBXShellScriptBuildPhase;
			buildActionMask = 2147483647;
			files = (
			);
			inputPaths = (
			);
			name = "[CP] Copy Pods Resources";
			outputPaths = (
			);
			runOnlyForDeploymentPostprocessing = 0;
			shellPath = /bin/sh;
			shellScript = "\"${SRCROOT}/Pods/Target Support Files/Pods-Munchkin Level Counter/Pods-Munchkin Level Counter-resources.sh\"\n";
			showEnvVarsInLog = 0;
		};
/* End PBXShellScriptBuildPhase section */

/* Begin PBXSourcesBuildPhase section */
		A1F8F7451E4CA6B200B57DEB /* Sources */ = {
			isa = PBXSourcesBuildPhase;
			buildActionMask = 2147483647;
			files = (
				A127FA801E4DC65E002733AA /* OnboardingViewController.swift in Sources */,
				A17750151E4CB4CF004B910E /* Presenter.swift in Sources */,
				A127FA881E4E0FDE002733AA /* DashboardPresenter.swift in Sources */,
				A17750101E4CB432004B910E /* PlayersEditorViewController.swift in Sources */,
				A127FA8C1E4E183C002733AA /* OnboardingStepViewController.swift in Sources */,
				A127FA841E4DC67C002733AA /* OnboardingView.swift in Sources */,
				A1F8F77C1E4CAB8B00B57DEB /* PreferencesHelper.swift in Sources */,
				A1F8F7551E4CA6B200B57DEB /* Munchkin_Level_Counter.xcdatamodeld in Sources */,
				A170F6001E5097FA006149D3 /* Player.swift in Sources */,
				A127FA821E4DC66A002733AA /* OnboardingPresenter.swift in Sources */,
				A1F8F77A1E4CA8C400B57DEB /* DatabaseHelper.swift in Sources */,
				A1F8F7781E4CA89300B57DEB /* DataManager.swift in Sources */,
				A17750191E4CB576004B910E /* PlayersEditorView.swift in Sources */,
				A1EFDB8B1E53419600FEBD76 /* Db.swift in Sources */,
				A17750171E4CB51E004B910E /* BaseView.swift in Sources */,
				A127FA8A1E4E0FE6002733AA /* DashboardView.swift in Sources */,
				A17750121E4CB446004B910E /* PlayersEditorPresenter.swift in Sources */,
				A1F8F74D1E4CA6B200B57DEB /* AppDelegate.swift in Sources */,
				A12D01B01E54868B009BCD9E /* PlayersEditorTableViewCell.swift in Sources */,
				A127FA861E4E0FC1002733AA /* DashboardViewController.swift in Sources */,
			);
			runOnlyForDeploymentPostprocessing = 0;
		};
		A1F8F75C1E4CA6B200B57DEB /* Sources */ = {
			isa = PBXSourcesBuildPhase;
			buildActionMask = 2147483647;
			files = (
				A1F8F7651E4CA6B200B57DEB /* Munchkin_Level_CounterTests.swift in Sources */,
			);
			runOnlyForDeploymentPostprocessing = 0;
		};
/* End PBXSourcesBuildPhase section */

/* Begin PBXTargetDependency section */
		A1F8F7621E4CA6B200B57DEB /* PBXTargetDependency */ = {
			isa = PBXTargetDependency;
			target = A1F8F7481E4CA6B200B57DEB /* Munchkin Level Counter */;
			targetProxy = A1F8F7611E4CA6B200B57DEB /* PBXContainerItemProxy */;
		};
/* End PBXTargetDependency section */

/* Begin PBXVariantGroup section */
		A1F8F7501E4CA6B200B57DEB /* Main.storyboard */ = {
			isa = PBXVariantGroup;
			children = (
				A1F8F7511E4CA6B200B57DEB /* Base */,
			);
			name = Main.storyboard;
			sourceTree = "<group>";
		};
		A1F8F7581E4CA6B200B57DEB /* LaunchScreen.storyboard */ = {
			isa = PBXVariantGroup;
			children = (
				A1F8F7591E4CA6B200B57DEB /* Base */,
			);
			name = LaunchScreen.storyboard;
			sourceTree = "<group>";
		};
/* End PBXVariantGroup section */

/* Begin XCBuildConfiguration section */
		A1F8F7671E4CA6B200B57DEB /* Debug */ = {
			isa = XCBuildConfiguration;
			buildSettings = {
				ALWAYS_SEARCH_USER_PATHS = NO;
				CLANG_ANALYZER_NONNULL = YES;
				CLANG_CXX_LANGUAGE_STANDARD = "gnu++0x";
				CLANG_CXX_LIBRARY = "libc++";
				CLANG_ENABLE_MODULES = YES;
				CLANG_ENABLE_OBJC_ARC = YES;
				CLANG_WARN_BOOL_CONVERSION = YES;
				CLANG_WARN_CONSTANT_CONVERSION = YES;
				CLANG_WARN_DIRECT_OBJC_ISA_USAGE = YES_ERROR;
				CLANG_WARN_DOCUMENTATION_COMMENTS = YES;
				CLANG_WARN_EMPTY_BODY = YES;
				CLANG_WARN_ENUM_CONVERSION = YES;
				CLANG_WARN_INFINITE_RECURSION = YES;
				CLANG_WARN_INT_CONVERSION = YES;
				CLANG_WARN_OBJC_ROOT_CLASS = YES_ERROR;
				CLANG_WARN_SUSPICIOUS_MOVE = YES;
				CLANG_WARN_UNREACHABLE_CODE = YES;
				CLANG_WARN__DUPLICATE_METHOD_MATCH = YES;
				"CODE_SIGN_IDENTITY[sdk=iphoneos*]" = "iPhone Developer";
				COPY_PHASE_STRIP = NO;
				DEBUG_INFORMATION_FORMAT = dwarf;
				ENABLE_STRICT_OBJC_MSGSEND = YES;
				ENABLE_TESTABILITY = YES;
				GCC_C_LANGUAGE_STANDARD = gnu99;
				GCC_DYNAMIC_NO_PIC = NO;
				GCC_NO_COMMON_BLOCKS = YES;
				GCC_OPTIMIZATION_LEVEL = 0;
				GCC_PREPROCESSOR_DEFINITIONS = (
					"DEBUG=1",
					"$(inherited)",
				);
				GCC_WARN_64_TO_32_BIT_CONVERSION = YES;
				GCC_WARN_ABOUT_RETURN_TYPE = YES_ERROR;
				GCC_WARN_UNDECLARED_SELECTOR = YES;
				GCC_WARN_UNINITIALIZED_AUTOS = YES_AGGRESSIVE;
				GCC_WARN_UNUSED_FUNCTION = YES;
				GCC_WARN_UNUSED_VARIABLE = YES;
				IPHONEOS_DEPLOYMENT_TARGET = 10.2;
				MTL_ENABLE_DEBUG_INFO = YES;
				ONLY_ACTIVE_ARCH = YES;
				SDKROOT = iphoneos;
				SWIFT_ACTIVE_COMPILATION_CONDITIONS = DEBUG;
				SWIFT_OPTIMIZATION_LEVEL = "-Onone";
			};
			name = Debug;
		};
		A1F8F7681E4CA6B200B57DEB /* Release */ = {
			isa = XCBuildConfiguration;
			buildSettings = {
				ALWAYS_SEARCH_USER_PATHS = NO;
				CLANG_ANALYZER_NONNULL = YES;
				CLANG_CXX_LANGUAGE_STANDARD = "gnu++0x";
				CLANG_CXX_LIBRARY = "libc++";
				CLANG_ENABLE_MODULES = YES;
				CLANG_ENABLE_OBJC_ARC = YES;
				CLANG_WARN_BOOL_CONVERSION = YES;
				CLANG_WARN_CONSTANT_CONVERSION = YES;
				CLANG_WARN_DIRECT_OBJC_ISA_USAGE = YES_ERROR;
				CLANG_WARN_DOCUMENTATION_COMMENTS = YES;
				CLANG_WARN_EMPTY_BODY = YES;
				CLANG_WARN_ENUM_CONVERSION = YES;
				CLANG_WARN_INFINITE_RECURSION = YES;
				CLANG_WARN_INT_CONVERSION = YES;
				CLANG_WARN_OBJC_ROOT_CLASS = YES_ERROR;
				CLANG_WARN_SUSPICIOUS_MOVE = YES;
				CLANG_WARN_UNREACHABLE_CODE = YES;
				CLANG_WARN__DUPLICATE_METHOD_MATCH = YES;
				"CODE_SIGN_IDENTITY[sdk=iphoneos*]" = "iPhone Developer";
				COPY_PHASE_STRIP = NO;
				DEBUG_INFORMATION_FORMAT = "dwarf-with-dsym";
				ENABLE_NS_ASSERTIONS = NO;
				ENABLE_STRICT_OBJC_MSGSEND = YES;
				GCC_C_LANGUAGE_STANDARD = gnu99;
				GCC_NO_COMMON_BLOCKS = YES;
				GCC_WARN_64_TO_32_BIT_CONVERSION = YES;
				GCC_WARN_ABOUT_RETURN_TYPE = YES_ERROR;
				GCC_WARN_UNDECLARED_SELECTOR = YES;
				GCC_WARN_UNINITIALIZED_AUTOS = YES_AGGRESSIVE;
				GCC_WARN_UNUSED_FUNCTION = YES;
				GCC_WARN_UNUSED_VARIABLE = YES;
				IPHONEOS_DEPLOYMENT_TARGET = 10.2;
				MTL_ENABLE_DEBUG_INFO = NO;
				SDKROOT = iphoneos;
				SWIFT_OPTIMIZATION_LEVEL = "-Owholemodule";
				VALIDATE_PRODUCT = YES;
			};
			name = Release;
		};
		A1F8F76A1E4CA6B200B57DEB /* Debug */ = {
			isa = XCBuildConfiguration;
			baseConfigurationReference = 542F0FEBAD51AB9875B8A76F /* Pods-Munchkin Level Counter.debug.xcconfig */;
			buildSettings = {
				ALWAYS_EMBED_SWIFT_STANDARD_LIBRARIES = YES;
				ASSETCATALOG_COMPILER_APPICON_NAME = AppIcon;
				DEVELOPMENT_TEAM = M5MBYBFCK5;
				INFOPLIST_FILE = "Munchkin Level Counter/Info.plist";
				LD_RUNPATH_SEARCH_PATHS = "$(inherited) @executable_path/Frameworks";
				PRODUCT_BUNDLE_IDENTIFIER = com.datarockets.munchkin;
				PRODUCT_NAME = "$(TARGET_NAME)";
				SWIFT_VERSION = 3.0;
			};
			name = Debug;
		};
		A1F8F76B1E4CA6B200B57DEB /* Release */ = {
			isa = XCBuildConfiguration;
			baseConfigurationReference = 6166B033B03097EF4FDE051B /* Pods-Munchkin Level Counter.release.xcconfig */;
			buildSettings = {
				ALWAYS_EMBED_SWIFT_STANDARD_LIBRARIES = YES;
				ASSETCATALOG_COMPILER_APPICON_NAME = AppIcon;
				DEVELOPMENT_TEAM = M5MBYBFCK5;
				INFOPLIST_FILE = "Munchkin Level Counter/Info.plist";
				LD_RUNPATH_SEARCH_PATHS = "$(inherited) @executable_path/Frameworks";
				PRODUCT_BUNDLE_IDENTIFIER = com.datarockets.munchkin;
				PRODUCT_NAME = "$(TARGET_NAME)";
				SWIFT_VERSION = 3.0;
			};
			name = Release;
		};
		A1F8F76D1E4CA6B200B57DEB /* Debug */ = {
			isa = XCBuildConfiguration;
			baseConfigurationReference = DE001F53FC67234840A18435 /* Pods-Munchkin Level CounterTests.debug.xcconfig */;
			buildSettings = {
				ALWAYS_EMBED_SWIFT_STANDARD_LIBRARIES = YES;
				BUNDLE_LOADER = "$(TEST_HOST)";
				DEVELOPMENT_TEAM = M5MBYBFCK5;
				INFOPLIST_FILE = "Munchkin Level CounterTests/Info.plist";
				LD_RUNPATH_SEARCH_PATHS = "$(inherited) @executable_path/Frameworks @loader_path/Frameworks";
				PRODUCT_BUNDLE_IDENTIFIER = "com.datarockets.Munchkin-Level-CounterTests";
				PRODUCT_NAME = "$(TARGET_NAME)";
				SWIFT_VERSION = 3.0;
				TEST_HOST = "$(BUILT_PRODUCTS_DIR)/Munchkin Level Counter.app/Munchkin Level Counter";
			};
			name = Debug;
		};
		A1F8F76E1E4CA6B200B57DEB /* Release */ = {
			isa = XCBuildConfiguration;
			baseConfigurationReference = 5D31C7C05988FDF130E07539 /* Pods-Munchkin Level CounterTests.release.xcconfig */;
			buildSettings = {
				ALWAYS_EMBED_SWIFT_STANDARD_LIBRARIES = YES;
				BUNDLE_LOADER = "$(TEST_HOST)";
				DEVELOPMENT_TEAM = M5MBYBFCK5;
				INFOPLIST_FILE = "Munchkin Level CounterTests/Info.plist";
				LD_RUNPATH_SEARCH_PATHS = "$(inherited) @executable_path/Frameworks @loader_path/Frameworks";
				PRODUCT_BUNDLE_IDENTIFIER = "com.datarockets.Munchkin-Level-CounterTests";
				PRODUCT_NAME = "$(TARGET_NAME)";
				SWIFT_VERSION = 3.0;
				TEST_HOST = "$(BUILT_PRODUCTS_DIR)/Munchkin Level Counter.app/Munchkin Level Counter";
			};
			name = Release;
		};
/* End XCBuildConfiguration section */

/* Begin XCConfigurationList section */
		A1F8F7441E4CA6B200B57DEB /* Build configuration list for PBXProject "Munchkin Level Counter" */ = {
			isa = XCConfigurationList;
			buildConfigurations = (
				A1F8F7671E4CA6B200B57DEB /* Debug */,
				A1F8F7681E4CA6B200B57DEB /* Release */,
			);
			defaultConfigurationIsVisible = 0;
			defaultConfigurationName = Release;
		};
		A1F8F7691E4CA6B200B57DEB /* Build configuration list for PBXNativeTarget "Munchkin Level Counter" */ = {
			isa = XCConfigurationList;
			buildConfigurations = (
				A1F8F76A1E4CA6B200B57DEB /* Debug */,
				A1F8F76B1E4CA6B200B57DEB /* Release */,
			);
			defaultConfigurationIsVisible = 0;
			defaultConfigurationName = Release;
		};
		A1F8F76C1E4CA6B200B57DEB /* Build configuration list for PBXNativeTarget "Munchkin Level CounterTests" */ = {
			isa = XCConfigurationList;
			buildConfigurations = (
				A1F8F76D1E4CA6B200B57DEB /* Debug */,
				A1F8F76E1E4CA6B200B57DEB /* Release */,
			);
			defaultConfigurationIsVisible = 0;
			defaultConfigurationName = Release;
		};
/* End XCConfigurationList section */

/* Begin XCVersionGroup section */
		A1F8F7531E4CA6B200B57DEB /* Munchkin_Level_Counter.xcdatamodeld */ = {
			isa = XCVersionGroup;
			children = (
				A1F8F7541E4CA6B200B57DEB /* Munchkin_Level_Counter.xcdatamodel */,
			);
			currentVersion = A1F8F7541E4CA6B200B57DEB /* Munchkin_Level_Counter.xcdatamodel */;
			path = Munchkin_Level_Counter.xcdatamodeld;
			sourceTree = "<group>";
			versionGroupType = wrapper.xcdatamodel;
		};
/* End XCVersionGroup section */
	};
	rootObject = A1F8F7411E4CA6B200B57DEB /* Project object */;
}
